{
  "version": 4,
  "terraform_version": "1.12.2",
  "serial": 486,
  "lineage": "00080813-bf7e-60d0-f367-7a5a6364adbe",
  "outputs": {},
  "resources": [
    {
      "mode": "data",
      "type": "archive_file",
      "name": "lambda_zip",
      "provider": "provider[\"registry.terraform.io/hashicorp/archive\"]",
      "instances": [
        {
          "schema_version": 0,
          "attributes": {
            "exclude_symlink_directories": null,
            "excludes": null,
            "id": "a9bd2cae62ab971cc34f0dcc143b63ca46729f2b",
            "output_base64sha256": "CMFedp9c4l87/U7RPS+h8lHz8Ze2E1IJpJelFWDUL5o=",
            "output_base64sha512": "/XNhAW4jYSTBEcml0ycXesMaAYXMj/jt/+mUkVm8bvmNhfgH8LEvWohjgQBk1UjjOZxWlQtFASu+taZCPl70YA==",
            "output_file_mode": null,
            "output_md5": "9f34d777bbcdaf1b2cc9fc59b810f4fc",
            "output_path": "./lambda_webkentoPokedex.zip",
            "output_sha": "a9bd2cae62ab971cc34f0dcc143b63ca46729f2b",
            "output_sha256": "08c15e769f5ce25f3bfd4ed13d2fa1f251f3f197b6135209a497a51560d42f9a",
            "output_sha512": "fd7361016e236124c111c9a5d327177ac31a0185cc8ff8edffe9949159bc6ef98d85f807f0b12f5a8863810064d548e3399c56950b45012bbeb5a6423e5ef460",
            "output_size": 985,
            "source": [],
            "source_content": null,
            "source_content_filename": null,
            "source_dir": null,
            "source_file": "./lambda_webkentoPokedex.py",
            "type": "zip"
          },
          "sensitive_attributes": [],
          "identity_schema_version": 0
        }
      ]
    },
    {
      "mode": "data",
      "type": "aws_lambda_function",
      "name": "pokedex_lookup",
      "provider": "provider[\"registry.terraform.io/hashicorp/aws\"]",
      "instances": [
        {
          "schema_version": 0,
          "attributes": {
            "architectures": [
              "x86_64"
            ],
            "arn": "arn:aws:lambda:us-east-1:877086053095:function:pokedex_lookup",
            "code_sha256": "2eB3JgD/EFf79BNNzPEuHE+fA/W4ZRukvmv8BVL0rYA=",
            "code_signing_config_arn": "",
            "dead_letter_config": [],
            "description": "",
            "environment": [
              {
                "variables": {
                  "POKEDEX_TABLE": "webkentoPokedex"
                }
              }
            ],
            "ephemeral_storage": [
              {
                "size": 512
              }
            ],
            "file_system_config": [],
            "function_name": "pokedex_lookup",
            "handler": "lambda_webkentoPokedex.lambda_handler",
            "id": "pokedex_lookup",
            "image_uri": "",
            "invoke_arn": "arn:aws:apigateway:us-east-1:lambda:path/2015-03-31/functions/arn:aws:lambda:us-east-1:877086053095:function:pokedex_lookup/invocations",
            "kms_key_arn": "",
            "last_modified": "2025-09-05T17:52:57.000+0000",
            "layers": [],
            "logging_config": [
              {
                "application_log_level": "",
                "log_format": "Text",
                "log_group": "/aws/lambda/pokedex_lookup",
                "system_log_level": ""
              }
            ],
            "memory_size": 128,
            "qualified_arn": "arn:aws:lambda:us-east-1:877086053095:function:pokedex_lookup:$LATEST",
            "qualified_invoke_arn": "arn:aws:apigateway:us-east-1:lambda:path/2015-03-31/functions/arn:aws:lambda:us-east-1:877086053095:function:pokedex_lookup:$LATEST/invocations",
            "qualifier": null,
            "region": "us-east-1",
            "reserved_concurrent_executions": -1,
            "role": "arn:aws:iam::877086053095:role/lambda_pokedex_role",
            "runtime": "python3.9",
            "signing_job_arn": "",
            "signing_profile_version_arn": "",
            "source_code_hash": "2eB3JgD/EFf79BNNzPEuHE+fA/W4ZRukvmv8BVL0rYA=",
            "source_code_size": 966,
            "source_kms_key_arn": "",
            "tags": {},
            "timeout": 3,
            "tracing_config": [
              {
                "mode": "PassThrough"
              }
            ],
            "version": "$LATEST",
            "vpc_config": []
          },
          "sensitive_attributes": [],
          "identity_schema_version": 0
        }
      ]
    },
    {
      "mode": "managed",
      "type": "aws_api_gateway_deployment",
      "name": "deployment",
      "provider": "provider[\"registry.terraform.io/hashicorp/aws\"]",
      "instances": [
        {
          "schema_version": 0,
          "attributes": {
            "created_date": "2025-09-05T18:15:04Z",
            "description": "",
            "id": "m0czm3",
            "region": "us-east-1",
            "rest_api_id": "9mfz4724sh",
            "triggers": {
              "redeploy": "7fa5f566a30d0c1dc7d68a62c5a63eb511d96b4c"
            },
            "variables": null
          },
          "sensitive_attributes": [],
          "identity_schema_version": 0,
          "private": "bnVsbA==",
          "dependencies": [
            "aws_api_gateway_integration.lambda_integration",
            "aws_api_gateway_method.get_pokemon",
            "aws_api_gateway_resource.pokemon",
            "aws_api_gateway_rest_api.pokedex_api",
            "data.aws_lambda_function.pokedex_lookup"
          ]
        }
      ]
    },
    {
      "mode": "managed",
      "type": "aws_api_gateway_integration",
      "name": "lambda_integration",
      "provider": "provider[\"registry.terraform.io/hashicorp/aws\"]",
      "instances": [
        {
          "schema_version": 0,
          "attributes": {
            "cache_key_parameters": [],
            "cache_namespace": "7gz4d5",
            "connection_id": "",
            "connection_type": "INTERNET",
            "content_handling": "",
            "credentials": "",
            "http_method": "GET",
            "id": "agi-9mfz4724sh-7gz4d5-GET",
            "integration_http_method": "POST",
            "passthrough_behavior": "WHEN_NO_MATCH",
            "region": "us-east-1",
            "request_parameters": {},
            "request_templates": {},
            "resource_id": "7gz4d5",
            "rest_api_id": "9mfz4724sh",
            "timeout_milliseconds": 29000,
            "tls_config": [],
            "type": "AWS_PROXY",
            "uri": "arn:aws:apigateway:us-east-1:lambda:path/2015-03-31/functions/arn:aws:lambda:us-east-1:877086053095:function:pokedex_lookup/invocations"
          },
          "sensitive_attributes": [],
          "identity_schema_version": 0,
          "private": "bnVsbA==",
          "dependencies": [
            "aws_api_gateway_method.get_pokemon",
            "aws_api_gateway_resource.pokemon",
            "aws_api_gateway_rest_api.pokedex_api",
            "data.aws_lambda_function.pokedex_lookup"
          ]
        }
      ]
    },
    {
      "mode": "managed",
      "type": "aws_api_gateway_method",
      "name": "get_pokemon",
      "provider": "provider[\"registry.terraform.io/hashicorp/aws\"]",
      "instances": [
        {
          "schema_version": 0,
          "attributes": {
            "api_key_required": false,
            "authorization": "NONE",
            "authorization_scopes": [],
            "authorizer_id": "",
            "http_method": "GET",
            "id": "agm-9mfz4724sh-7gz4d5-GET",
            "operation_name": "",
            "region": "us-east-1",
            "request_models": {},
            "request_parameters": {},
            "request_validator_id": "",
            "resource_id": "7gz4d5",
            "rest_api_id": "9mfz4724sh"
          },
          "sensitive_attributes": [],
          "identity_schema_version": 0,
          "private": "bnVsbA==",
          "dependencies": [
            "aws_api_gateway_resource.pokemon",
            "aws_api_gateway_rest_api.pokedex_api"
          ]
        }
      ]
    },
    {
      "mode": "managed",
      "type": "aws_api_gateway_resource",
      "name": "pokemon",
      "provider": "provider[\"registry.terraform.io/hashicorp/aws\"]",
      "instances": [
        {
          "schema_version": 0,
          "attributes": {
            "id": "7gz4d5",
            "parent_id": "z11fx15je4",
            "path": "/pokemon",
            "path_part": "pokemon",
            "region": "us-east-1",
            "rest_api_id": "9mfz4724sh"
          },
          "sensitive_attributes": [],
          "identity_schema_version": 0,
          "private": "bnVsbA==",
          "dependencies": [
            "aws_api_gateway_rest_api.pokedex_api"
          ]
        }
      ]
    },
    {
      "mode": "managed",
      "type": "aws_api_gateway_rest_api",
      "name": "pokedex_api",
      "provider": "provider[\"registry.terraform.io/hashicorp/aws\"]",
      "instances": [
        {
          "schema_version": 0,
          "attributes": {
            "api_key_source": "HEADER",
            "arn": "arn:aws:apigateway:us-east-1::/restapis/9mfz4724sh",
            "binary_media_types": [],
            "body": null,
            "created_date": "2025-09-05T18:02:45Z",
            "description": "API Gateway for Pokédex Lambda",
            "disable_execute_api_endpoint": false,
            "endpoint_configuration": [
              {
                "ip_address_type": "ipv4",
                "types": [
                  "EDGE"
                ],
                "vpc_endpoint_ids": []
              }
            ],
            "execution_arn": "arn:aws:execute-api:us-east-1:877086053095:9mfz4724sh",
            "fail_on_warnings": null,
            "id": "9mfz4724sh",
            "minimum_compression_size": "",
            "name": "PokedexAPI",
            "parameters": null,
            "policy": "",
            "put_rest_api_mode": null,
            "region": "us-east-1",
            "root_resource_id": "z11fx15je4",
            "tags": {},
            "tags_all": {}
          },
          "sensitive_attributes": [],
          "identity_schema_version": 0,
          "private": "bnVsbA=="
        }
      ]
    },
    {
      "mode": "managed",
      "type": "aws_api_gateway_stage",
      "name": "dev",
      "provider": "provider[\"registry.terraform.io/hashicorp/aws\"]",
      "instances": [
        {
          "schema_version": 0,
          "attributes": {
            "access_log_settings": [],
            "arn": "arn:aws:apigateway:us-east-1::/restapis/9mfz4724sh/stages/dev",
            "cache_cluster_enabled": false,
            "cache_cluster_size": "",
            "canary_settings": [],
            "client_certificate_id": "",
            "deployment_id": "m0czm3",
            "description": "",
            "documentation_version": "",
            "execution_arn": "arn:aws:execute-api:us-east-1:877086053095:9mfz4724sh/dev",
            "id": "ags-9mfz4724sh-dev",
            "invoke_url": "https://9mfz4724sh.execute-api.us-east-1.amazonaws.com/dev",
            "region": "us-east-1",
            "rest_api_id": "9mfz4724sh",
            "stage_name": "dev",
            "tags": {},
            "tags_all": {},
            "variables": {},
            "web_acl_arn": "",
            "xray_tracing_enabled": false
          },
          "sensitive_attributes": [],
          "identity_schema_version": 0,
          "private": "bnVsbA==",
          "dependencies": [
            "aws_api_gateway_deployment.deployment",
            "aws_api_gateway_integration.lambda_integration",
            "aws_api_gateway_method.get_pokemon",
            "aws_api_gateway_resource.pokemon",
            "aws_api_gateway_rest_api.pokedex_api",
            "data.aws_lambda_function.pokedex_lookup"
          ]
        }
      ]
    },
    {
      "mode": "managed",
      "type": "aws_dynamodb_table",
      "name": "webkentoPokedex",
      "provider": "provider[\"registry.terraform.io/hashicorp/aws\"]",
      "instances": [
        {
          "schema_version": 1,
          "attributes": {
            "arn": "arn:aws:dynamodb:us-east-1:877086053095:table/webkentoPokedex",
            "attribute": [
              {
                "name": "id",
                "type": "N"
              }
            ],
            "billing_mode": "PAY_PER_REQUEST",
            "deletion_protection_enabled": false,
            "global_secondary_index": [],
            "hash_key": "id",
            "id": "webkentoPokedex",
            "import_table": [],
            "local_secondary_index": [],
            "name": "webkentoPokedex",
            "on_demand_throughput": [],
            "point_in_time_recovery": [
              {
                "enabled": false,
                "recovery_period_in_days": 0
              }
            ],
            "range_key": null,
            "read_capacity": 0,
            "region": "us-east-1",
            "replica": [],
            "restore_date_time": null,
            "restore_source_name": null,
            "restore_source_table_arn": null,
            "restore_to_latest_time": null,
            "server_side_encryption": [],
            "stream_arn": "",
            "stream_enabled": false,
            "stream_label": "",
            "stream_view_type": "",
            "table_class": "STANDARD",
            "tags": {
              "Environment": "dev",
              "Project": "pokedex"
            },
            "tags_all": {
              "Environment": "dev",
              "Project": "pokedex"
            },
            "timeouts": null,
            "ttl": [
              {
                "attribute_name": "",
                "enabled": false
              }
            ],
            "write_capacity": 0
          },
          "sensitive_attributes": [],
          "identity_schema_version": 0,
          "private": "eyJlMmJmYjczMC1lY2FhLTExZTYtOGY4OC0zNDM2M2JjN2M0YzAiOnsiY3JlYXRlIjoxODAwMDAwMDAwMDAwLCJkZWxldGUiOjYwMDAwMDAwMDAwMCwidXBkYXRlIjozNjAwMDAwMDAwMDAwfSwic2NoZW1hX3ZlcnNpb24iOiIxIn0="
        }
      ]
    },
    {
      "mode": "managed",
      "type": "aws_dynamodb_table_item",
      "name": "pokemon",
      "provider": "provider[\"registry.terraform.io/hashicorp/aws\"]",
      "instances": [
        {
          "index_key": "1",
          "schema_version": 0,
          "attributes": {
            "hash_key": "id",
            "id": "webkentoPokedex|id|1",
            "item": "{\"id\":{\"N\":\"1\"},\"poke_name\":{\"S\":\"Bulbasaur\"}}",
            "range_key": null,
            "region": "us-east-1",
            "table_name": "webkentoPokedex"
          },
          "sensitive_attributes": [],
          "identity_schema_version": 0,
          "private": "bnVsbA==",
          "dependencies": [
            "aws_dynamodb_table.webkentoPokedex"
          ]
        },
        {
          "index_key": "10",
          "schema_version": 0,
          "attributes": {
            "hash_key": "id",
            "id": "webkentoPokedex|id|10",
            "item": "{\"id\":{\"N\":\"10\"},\"poke_name\":{\"S\":\"Caterpie\"}}",
            "range_key": null,
            "region": "us-east-1",
            "table_name": "webkentoPokedex"
          },
          "sensitive_attributes": [],
          "identity_schema_version": 0,
          "private": "bnVsbA==",
          "dependencies": [
            "aws_dynamodb_table.webkentoPokedex"
          ]
        },
        {
          "index_key": "100",
          "schema_version": 0,
          "attributes": {
            "hash_key": "id",
            "id": "webkentoPokedex|id|100",
            "item": "{\"id\":{\"N\":\"100\"},\"poke_name\":{\"S\":\"Voltorb\"}}",
            "range_key": null,
            "region": "us-east-1",
            "table_name": "webkentoPokedex"
          },
          "sensitive_attributes": [],
          "identity_schema_version": 0,
          "private": "bnVsbA==",
          "dependencies": [
            "aws_dynamodb_table.webkentoPokedex"
          ]
        },
        {
          "index_key": "101",
          "schema_version": 0,
          "attributes": {
            "hash_key": "id",
            "id": "webkentoPokedex|id|101",
            "item": "{\"id\":{\"N\":\"101\"},\"poke_name\":{\"S\":\"Electrode\"}}",
            "range_key": null,
            "region": "us-east-1",
            "table_name": "webkentoPokedex"
          },
          "sensitive_attributes": [],
          "identity_schema_version": 0,
          "private": "bnVsbA==",
          "dependencies": [
            "aws_dynamodb_table.webkentoPokedex"
          ]
        },
        {
          "index_key": "102",
          "schema_version": 0,
          "attributes": {
            "hash_key": "id",
            "id": "webkentoPokedex|id|102",
            "item": "{\"id\":{\"N\":\"102\"},\"poke_name\":{\"S\":\"Exeggcute\"}}",
            "range_key": null,
            "region": "us-east-1",
            "table_name": "webkentoPokedex"
          },
          "sensitive_attributes": [],
          "identity_schema_version": 0,
          "private": "bnVsbA==",
          "dependencies": [
            "aws_dynamodb_table.webkentoPokedex"
          ]
        },
        {
          "index_key": "103",
          "schema_version": 0,
          "attributes": {
            "hash_key": "id",
            "id": "webkentoPokedex|id|103",
            "item": "{\"id\":{\"N\":\"103\"},\"poke_name\":{\"S\":\"Exeggutor\"}}",
            "range_key": null,
            "region": "us-east-1",
            "table_name": "webkentoPokedex"
          },
          "sensitive_attributes": [],
          "identity_schema_version": 0,
          "private": "bnVsbA==",
          "dependencies": [
            "aws_dynamodb_table.webkentoPokedex"
          ]
        },
        {
          "index_key": "104",
          "schema_version": 0,
          "attributes": {
            "hash_key": "id",
            "id": "webkentoPokedex|id|104",
            "item": "{\"id\":{\"N\":\"104\"},\"poke_name\":{\"S\":\"Cubone\"}}",
            "range_key": null,
            "region": "us-east-1",
            "table_name": "webkentoPokedex"
          },
          "sensitive_attributes": [],
          "identity_schema_version": 0,
          "private": "bnVsbA==",
          "dependencies": [
            "aws_dynamodb_table.webkentoPokedex"
          ]
        },
        {
          "index_key": "105",
          "schema_version": 0,
          "attributes": {
            "hash_key": "id",
            "id": "webkentoPokedex|id|105",
            "item": "{\"id\":{\"N\":\"105\"},\"poke_name\":{\"S\":\"Marowak\"}}",
            "range_key": null,
            "region": "us-east-1",
            "table_name": "webkentoPokedex"
          },
          "sensitive_attributes": [],
          "identity_schema_version": 0,
          "private": "bnVsbA==",
          "dependencies": [
            "aws_dynamodb_table.webkentoPokedex"
          ]
        },
        {
          "index_key": "106",
          "schema_version": 0,
          "attributes": {
            "hash_key": "id",
            "id": "webkentoPokedex|id|106",
            "item": "{\"id\":{\"N\":\"106\"},\"poke_name\":{\"S\":\"Hitmonlee\"}}",
            "range_key": null,
            "region": "us-east-1",
            "table_name": "webkentoPokedex"
          },
          "sensitive_attributes": [],
          "identity_schema_version": 0,
          "private": "bnVsbA==",
          "dependencies": [
            "aws_dynamodb_table.webkentoPokedex"
          ]
        },
        {
          "index_key": "107",
          "schema_version": 0,
          "attributes": {
            "hash_key": "id",
            "id": "webkentoPokedex|id|107",
            "item": "{\"id\":{\"N\":\"107\"},\"poke_name\":{\"S\":\"Hitmonchan\"}}",
            "range_key": null,
            "region": "us-east-1",
            "table_name": "webkentoPokedex"
          },
          "sensitive_attributes": [],
          "identity_schema_version": 0,
          "private": "bnVsbA==",
          "dependencies": [
            "aws_dynamodb_table.webkentoPokedex"
          ]
        },
        {
          "index_key": "108",
          "schema_version": 0,
          "attributes": {
            "hash_key": "id",
            "id": "webkentoPokedex|id|108",
            "item": "{\"id\":{\"N\":\"108\"},\"poke_name\":{\"S\":\"Lickitung\"}}",
            "range_key": null,
            "region": "us-east-1",
            "table_name": "webkentoPokedex"
          },
          "sensitive_attributes": [],
          "identity_schema_version": 0,
          "private": "bnVsbA==",
          "dependencies": [
            "aws_dynamodb_table.webkentoPokedex"
          ]
        },
        {
          "index_key": "109",
          "schema_version": 0,
          "attributes": {
            "hash_key": "id",
            "id": "webkentoPokedex|id|109",
            "item": "{\"id\":{\"N\":\"109\"},\"poke_name\":{\"S\":\"Koffing\"}}",
            "range_key": null,
            "region": "us-east-1",
            "table_name": "webkentoPokedex"
          },
          "sensitive_attributes": [],
          "identity_schema_version": 0,
          "private": "bnVsbA==",
          "dependencies": [
            "aws_dynamodb_table.webkentoPokedex"
          ]
        },
        {
          "index_key": "11",
          "schema_version": 0,
          "attributes": {
            "hash_key": "id",
            "id": "webkentoPokedex|id|11",
            "item": "{\"id\":{\"N\":\"11\"},\"poke_name\":{\"S\":\"Metapod\"}}",
            "range_key": null,
            "region": "us-east-1",
            "table_name": "webkentoPokedex"
          },
          "sensitive_attributes": [],
          "identity_schema_version": 0,
          "private": "bnVsbA==",
          "dependencies": [
            "aws_dynamodb_table.webkentoPokedex"
          ]
        },
        {
          "index_key": "110",
          "schema_version": 0,
          "attributes": {
            "hash_key": "id",
            "id": "webkentoPokedex|id|110",
            "item": "{\"id\":{\"N\":\"110\"},\"poke_name\":{\"S\":\"Weezing\"}}",
            "range_key": null,
            "region": "us-east-1",
            "table_name": "webkentoPokedex"
          },
          "sensitive_attributes": [],
          "identity_schema_version": 0,
          "private": "bnVsbA==",
          "dependencies": [
            "aws_dynamodb_table.webkentoPokedex"
          ]
        },
        {
          "index_key": "111",
          "schema_version": 0,
          "attributes": {
            "hash_key": "id",
            "id": "webkentoPokedex|id|111",
            "item": "{\"id\":{\"N\":\"111\"},\"poke_name\":{\"S\":\"Rhyhorn\"}}",
            "range_key": null,
            "region": "us-east-1",
            "table_name": "webkentoPokedex"
          },
          "sensitive_attributes": [],
          "identity_schema_version": 0,
          "private": "bnVsbA==",
          "dependencies": [
            "aws_dynamodb_table.webkentoPokedex"
          ]
        },
        {
          "index_key": "112",
          "schema_version": 0,
          "attributes": {
            "hash_key": "id",
            "id": "webkentoPokedex|id|112",
            "item": "{\"id\":{\"N\":\"112\"},\"poke_name\":{\"S\":\"Rhydon\"}}",
            "range_key": null,
            "region": "us-east-1",
            "table_name": "webkentoPokedex"
          },
          "sensitive_attributes": [],
          "identity_schema_version": 0,
          "private": "bnVsbA==",
          "dependencies": [
            "aws_dynamodb_table.webkentoPokedex"
          ]
        },
        {
          "index_key": "113",
          "schema_version": 0,
          "attributes": {
            "hash_key": "id",
            "id": "webkentoPokedex|id|113",
            "item": "{\"id\":{\"N\":\"113\"},\"poke_name\":{\"S\":\"Chansey\"}}",
            "range_key": null,
            "region": "us-east-1",
            "table_name": "webkentoPokedex"
          },
          "sensitive_attributes": [],
          "identity_schema_version": 0,
          "private": "bnVsbA==",
          "dependencies": [
            "aws_dynamodb_table.webkentoPokedex"
          ]
        },
        {
          "index_key": "114",
          "schema_version": 0,
          "attributes": {
            "hash_key": "id",
            "id": "webkentoPokedex|id|114",
            "item": "{\"id\":{\"N\":\"114\"},\"poke_name\":{\"S\":\"Tangela\"}}",
            "range_key": null,
            "region": "us-east-1",
            "table_name": "webkentoPokedex"
          },
          "sensitive_attributes": [],
          "identity_schema_version": 0,
          "private": "bnVsbA==",
          "dependencies": [
            "aws_dynamodb_table.webkentoPokedex"
          ]
        },
        {
          "index_key": "115",
          "schema_version": 0,
          "attributes": {
            "hash_key": "id",
            "id": "webkentoPokedex|id|115",
            "item": "{\"id\":{\"N\":\"115\"},\"poke_name\":{\"S\":\"Kangaskhan\"}}",
            "range_key": null,
            "region": "us-east-1",
            "table_name": "webkentoPokedex"
          },
          "sensitive_attributes": [],
          "identity_schema_version": 0,
          "private": "bnVsbA==",
          "dependencies": [
            "aws_dynamodb_table.webkentoPokedex"
          ]
        },
        {
          "index_key": "116",
          "schema_version": 0,
          "attributes": {
            "hash_key": "id",
            "id": "webkentoPokedex|id|116",
            "item": "{\"id\":{\"N\":\"116\"},\"poke_name\":{\"S\":\"Horsea\"}}",
            "range_key": null,
            "region": "us-east-1",
            "table_name": "webkentoPokedex"
          },
          "sensitive_attributes": [],
          "identity_schema_version": 0,
          "private": "bnVsbA==",
          "dependencies": [
            "aws_dynamodb_table.webkentoPokedex"
          ]
        },
        {
          "index_key": "117",
          "schema_version": 0,
          "attributes": {
            "hash_key": "id",
            "id": "webkentoPokedex|id|117",
            "item": "{\"id\":{\"N\":\"117\"},\"poke_name\":{\"S\":\"Seadra\"}}",
            "range_key": null,
            "region": "us-east-1",
            "table_name": "webkentoPokedex"
          },
          "sensitive_attributes": [],
          "identity_schema_version": 0,
          "private": "bnVsbA==",
          "dependencies": [
            "aws_dynamodb_table.webkentoPokedex"
          ]
        },
        {
          "index_key": "118",
          "schema_version": 0,
          "attributes": {
            "hash_key": "id",
            "id": "webkentoPokedex|id|118",
            "item": "{\"id\":{\"N\":\"118\"},\"poke_name\":{\"S\":\"Goldeen\"}}",
            "range_key": null,
            "region": "us-east-1",
            "table_name": "webkentoPokedex"
          },
          "sensitive_attributes": [],
          "identity_schema_version": 0,
          "private": "bnVsbA==",
          "dependencies": [
            "aws_dynamodb_table.webkentoPokedex"
          ]
        },
        {
          "index_key": "119",
          "schema_version": 0,
          "attributes": {
            "hash_key": "id",
            "id": "webkentoPokedex|id|119",
            "item": "{\"id\":{\"N\":\"119\"},\"poke_name\":{\"S\":\"Seaking\"}}",
            "range_key": null,
            "region": "us-east-1",
            "table_name": "webkentoPokedex"
          },
          "sensitive_attributes": [],
          "identity_schema_version": 0,
          "private": "bnVsbA==",
          "dependencies": [
            "aws_dynamodb_table.webkentoPokedex"
          ]
        },
        {
          "index_key": "12",
          "schema_version": 0,
          "attributes": {
            "hash_key": "id",
            "id": "webkentoPokedex|id|12",
            "item": "{\"id\":{\"N\":\"12\"},\"poke_name\":{\"S\":\"Butterfree\"}}",
            "range_key": null,
            "region": "us-east-1",
            "table_name": "webkentoPokedex"
          },
          "sensitive_attributes": [],
          "identity_schema_version": 0,
          "private": "bnVsbA==",
          "dependencies": [
            "aws_dynamodb_table.webkentoPokedex"
          ]
        },
        {
          "index_key": "120",
          "schema_version": 0,
          "attributes": {
            "hash_key": "id",
            "id": "webkentoPokedex|id|120",
            "item": "{\"id\":{\"N\":\"120\"},\"poke_name\":{\"S\":\"Staryu\"}}",
            "range_key": null,
            "region": "us-east-1",
            "table_name": "webkentoPokedex"
          },
          "sensitive_attributes": [],
          "identity_schema_version": 0,
          "private": "bnVsbA==",
          "dependencies": [
            "aws_dynamodb_table.webkentoPokedex"
          ]
        },
        {
          "index_key": "121",
          "schema_version": 0,
          "attributes": {
            "hash_key": "id",
            "id": "webkentoPokedex|id|121",
            "item": "{\"id\":{\"N\":\"121\"},\"poke_name\":{\"S\":\"Starmie\"}}",
            "range_key": null,
            "region": "us-east-1",
            "table_name": "webkentoPokedex"
          },
          "sensitive_attributes": [],
          "identity_schema_version": 0,
          "private": "bnVsbA==",
          "dependencies": [
            "aws_dynamodb_table.webkentoPokedex"
          ]
        },
        {
          "index_key": "122",
          "schema_version": 0,
          "attributes": {
            "hash_key": "id",
            "id": "webkentoPokedex|id|122",
            "item": "{\"id\":{\"N\":\"122\"},\"poke_name\":{\"S\":\"Mr. Mime\"}}",
            "range_key": null,
            "region": "us-east-1",
            "table_name": "webkentoPokedex"
          },
          "sensitive_attributes": [],
          "identity_schema_version": 0,
          "private": "bnVsbA==",
          "dependencies": [
            "aws_dynamodb_table.webkentoPokedex"
          ]
        },
        {
          "index_key": "123",
          "schema_version": 0,
          "attributes": {
            "hash_key": "id",
            "id": "webkentoPokedex|id|123",
            "item": "{\"id\":{\"N\":\"123\"},\"poke_name\":{\"S\":\"Scyther\"}}",
            "range_key": null,
            "region": "us-east-1",
            "table_name": "webkentoPokedex"
          },
          "sensitive_attributes": [],
          "identity_schema_version": 0,
          "private": "bnVsbA==",
          "dependencies": [
            "aws_dynamodb_table.webkentoPokedex"
          ]
        },
        {
          "index_key": "124",
          "schema_version": 0,
          "attributes": {
            "hash_key": "id",
            "id": "webkentoPokedex|id|124",
            "item": "{\"id\":{\"N\":\"124\"},\"poke_name\":{\"S\":\"Jynx\"}}",
            "range_key": null,
            "region": "us-east-1",
            "table_name": "webkentoPokedex"
          },
          "sensitive_attributes": [],
          "identity_schema_version": 0,
          "private": "bnVsbA==",
          "dependencies": [
            "aws_dynamodb_table.webkentoPokedex"
          ]
        },
        {
          "index_key": "125",
          "schema_version": 0,
          "attributes": {
            "hash_key": "id",
            "id": "webkentoPokedex|id|125",
            "item": "{\"id\":{\"N\":\"125\"},\"poke_name\":{\"S\":\"Electabuzz\"}}",
            "range_key": null,
            "region": "us-east-1",
            "table_name": "webkentoPokedex"
          },
          "sensitive_attributes": [],
          "identity_schema_version": 0,
          "private": "bnVsbA==",
          "dependencies": [
            "aws_dynamodb_table.webkentoPokedex"
          ]
        },
        {
          "index_key": "126",
          "schema_version": 0,
          "attributes": {
            "hash_key": "id",
            "id": "webkentoPokedex|id|126",
            "item": "{\"id\":{\"N\":\"126\"},\"poke_name\":{\"S\":\"Magmar\"}}",
            "range_key": null,
            "region": "us-east-1",
            "table_name": "webkentoPokedex"
          },
          "sensitive_attributes": [],
          "identity_schema_version": 0,
          "private": "bnVsbA==",
          "dependencies": [
            "aws_dynamodb_table.webkentoPokedex"
          ]
        },
        {
          "index_key": "127",
          "schema_version": 0,
          "attributes": {
            "hash_key": "id",
            "id": "webkentoPokedex|id|127",
            "item": "{\"id\":{\"N\":\"127\"},\"poke_name\":{\"S\":\"Pinsir\"}}",
            "range_key": null,
            "region": "us-east-1",
            "table_name": "webkentoPokedex"
          },
          "sensitive_attributes": [],
          "identity_schema_version": 0,
          "private": "bnVsbA==",
          "dependencies": [
            "aws_dynamodb_table.webkentoPokedex"
          ]
        },
        {
          "index_key": "128",
          "schema_version": 0,
          "attributes": {
            "hash_key": "id",
            "id": "webkentoPokedex|id|128",
            "item": "{\"id\":{\"N\":\"128\"},\"poke_name\":{\"S\":\"Tauros\"}}",
            "range_key": null,
            "region": "us-east-1",
            "table_name": "webkentoPokedex"
          },
          "sensitive_attributes": [],
          "identity_schema_version": 0,
          "private": "bnVsbA==",
          "dependencies": [
            "aws_dynamodb_table.webkentoPokedex"
          ]
        },
        {
          "index_key": "129",
          "schema_version": 0,
          "attributes": {
            "hash_key": "id",
            "id": "webkentoPokedex|id|129",
            "item": "{\"id\":{\"N\":\"129\"},\"poke_name\":{\"S\":\"Magikarp\"}}",
            "range_key": null,
            "region": "us-east-1",
            "table_name": "webkentoPokedex"
          },
          "sensitive_attributes": [],
          "identity_schema_version": 0,
          "private": "bnVsbA==",
          "dependencies": [
            "aws_dynamodb_table.webkentoPokedex"
          ]
        },
        {
          "index_key": "13",
          "schema_version": 0,
          "attributes": {
            "hash_key": "id",
            "id": "webkentoPokedex|id|13",
            "item": "{\"id\":{\"N\":\"13\"},\"poke_name\":{\"S\":\"Weedle\"}}",
            "range_key": null,
            "region": "us-east-1",
            "table_name": "webkentoPokedex"
          },
          "sensitive_attributes": [],
          "identity_schema_version": 0,
          "private": "bnVsbA==",
          "dependencies": [
            "aws_dynamodb_table.webkentoPokedex"
          ]
        },
        {
          "index_key": "130",
          "schema_version": 0,
          "attributes": {
            "hash_key": "id",
            "id": "webkentoPokedex|id|130",
            "item": "{\"id\":{\"N\":\"130\"},\"poke_name\":{\"S\":\"Gyarados\"}}",
            "range_key": null,
            "region": "us-east-1",
            "table_name": "webkentoPokedex"
          },
          "sensitive_attributes": [],
          "identity_schema_version": 0,
          "private": "bnVsbA==",
          "dependencies": [
            "aws_dynamodb_table.webkentoPokedex"
          ]
        },
        {
          "index_key": "131",
          "schema_version": 0,
          "attributes": {
            "hash_key": "id",
            "id": "webkentoPokedex|id|131",
            "item": "{\"id\":{\"N\":\"131\"},\"poke_name\":{\"S\":\"Lapras\"}}",
            "range_key": null,
            "region": "us-east-1",
            "table_name": "webkentoPokedex"
          },
          "sensitive_attributes": [],
          "identity_schema_version": 0,
          "private": "bnVsbA==",
          "dependencies": [
            "aws_dynamodb_table.webkentoPokedex"
          ]
        },
        {
          "index_key": "132",
          "schema_version": 0,
          "attributes": {
            "hash_key": "id",
            "id": "webkentoPokedex|id|132",
            "item": "{\"id\":{\"N\":\"132\"},\"poke_name\":{\"S\":\"Ditto\"}}",
            "range_key": null,
            "region": "us-east-1",
            "table_name": "webkentoPokedex"
          },
          "sensitive_attributes": [],
          "identity_schema_version": 0,
          "private": "bnVsbA==",
          "dependencies": [
            "aws_dynamodb_table.webkentoPokedex"
          ]
        },
        {
          "index_key": "133",
          "schema_version": 0,
          "attributes": {
            "hash_key": "id",
            "id": "webkentoPokedex|id|133",
            "item": "{\"id\":{\"N\":\"133\"},\"poke_name\":{\"S\":\"Eevee\"}}",
            "range_key": null,
            "region": "us-east-1",
            "table_name": "webkentoPokedex"
          },
          "sensitive_attributes": [],
          "identity_schema_version": 0,
          "private": "bnVsbA==",
          "dependencies": [
            "aws_dynamodb_table.webkentoPokedex"
          ]
        },
        {
          "index_key": "134",
          "schema_version": 0,
          "attributes": {
            "hash_key": "id",
            "id": "webkentoPokedex|id|134",
            "item": "{\"id\":{\"N\":\"134\"},\"poke_name\":{\"S\":\"Vaporeon\"}}",
            "range_key": null,
            "region": "us-east-1",
            "table_name": "webkentoPokedex"
          },
          "sensitive_attributes": [],
          "identity_schema_version": 0,
          "private": "bnVsbA==",
          "dependencies": [
            "aws_dynamodb_table.webkentoPokedex"
          ]
        },
        {
          "index_key": "135",
          "schema_version": 0,
          "attributes": {
            "hash_key": "id",
            "id": "webkentoPokedex|id|135",
            "item": "{\"id\":{\"N\":\"135\"},\"poke_name\":{\"S\":\"Jolteon\"}}",
            "range_key": null,
            "region": "us-east-1",
            "table_name": "webkentoPokedex"
          },
          "sensitive_attributes": [],
          "identity_schema_version": 0,
          "private": "bnVsbA==",
          "dependencies": [
            "aws_dynamodb_table.webkentoPokedex"
          ]
        },
        {
          "index_key": "136",
          "schema_version": 0,
          "attributes": {
            "hash_key": "id",
            "id": "webkentoPokedex|id|136",
            "item": "{\"id\":{\"N\":\"136\"},\"poke_name\":{\"S\":\"Flareon\"}}",
            "range_key": null,
            "region": "us-east-1",
            "table_name": "webkentoPokedex"
          },
          "sensitive_attributes": [],
          "identity_schema_version": 0,
          "private": "bnVsbA==",
          "dependencies": [
            "aws_dynamodb_table.webkentoPokedex"
          ]
        },
        {
          "index_key": "137",
          "schema_version": 0,
          "attributes": {
            "hash_key": "id",
            "id": "webkentoPokedex|id|137",
            "item": "{\"id\":{\"N\":\"137\"},\"poke_name\":{\"S\":\"Porygon\"}}",
            "range_key": null,
            "region": "us-east-1",
            "table_name": "webkentoPokedex"
          },
          "sensitive_attributes": [],
          "identity_schema_version": 0,
          "private": "bnVsbA==",
          "dependencies": [
            "aws_dynamodb_table.webkentoPokedex"
          ]
        },
        {
          "index_key": "138",
          "schema_version": 0,
          "attributes": {
            "hash_key": "id",
            "id": "webkentoPokedex|id|138",
            "item": "{\"id\":{\"N\":\"138\"},\"poke_name\":{\"S\":\"Omanyte\"}}",
            "range_key": null,
            "region": "us-east-1",
            "table_name": "webkentoPokedex"
          },
          "sensitive_attributes": [],
          "identity_schema_version": 0,
          "private": "bnVsbA==",
          "dependencies": [
            "aws_dynamodb_table.webkentoPokedex"
          ]
        },
        {
          "index_key": "139",
          "schema_version": 0,
          "attributes": {
            "hash_key": "id",
            "id": "webkentoPokedex|id|139",
            "item": "{\"id\":{\"N\":\"139\"},\"poke_name\":{\"S\":\"Omastar\"}}",
            "range_key": null,
            "region": "us-east-1",
            "table_name": "webkentoPokedex"
          },
          "sensitive_attributes": [],
          "identity_schema_version": 0,
          "private": "bnVsbA==",
          "dependencies": [
            "aws_dynamodb_table.webkentoPokedex"
          ]
        },
        {
          "index_key": "14",
          "schema_version": 0,
          "attributes": {
            "hash_key": "id",
            "id": "webkentoPokedex|id|14",
            "item": "{\"id\":{\"N\":\"14\"},\"poke_name\":{\"S\":\"Kakuna\"}}",
            "range_key": null,
            "region": "us-east-1",
            "table_name": "webkentoPokedex"
          },
          "sensitive_attributes": [],
          "identity_schema_version": 0,
          "private": "bnVsbA==",
          "dependencies": [
            "aws_dynamodb_table.webkentoPokedex"
          ]
        },
        {
          "index_key": "140",
          "schema_version": 0,
          "attributes": {
            "hash_key": "id",
            "id": "webkentoPokedex|id|140",
            "item": "{\"id\":{\"N\":\"140\"},\"poke_name\":{\"S\":\"Kabuto\"}}",
            "range_key": null,
            "region": "us-east-1",
            "table_name": "webkentoPokedex"
          },
          "sensitive_attributes": [],
          "identity_schema_version": 0,
          "private": "bnVsbA==",
          "dependencies": [
            "aws_dynamodb_table.webkentoPokedex"
          ]
        },
        {
          "index_key": "141",
          "schema_version": 0,
          "attributes": {
            "hash_key": "id",
            "id": "webkentoPokedex|id|141",
            "item": "{\"id\":{\"N\":\"141\"},\"poke_name\":{\"S\":\"Kabutops\"}}",
            "range_key": null,
            "region": "us-east-1",
            "table_name": "webkentoPokedex"
          },
          "sensitive_attributes": [],
          "identity_schema_version": 0,
          "private": "bnVsbA==",
          "dependencies": [
            "aws_dynamodb_table.webkentoPokedex"
          ]
        },
        {
          "index_key": "142",
          "schema_version": 0,
          "attributes": {
            "hash_key": "id",
            "id": "webkentoPokedex|id|142",
            "item": "{\"id\":{\"N\":\"142\"},\"poke_name\":{\"S\":\"Aerodactyl\"}}",
            "range_key": null,
            "region": "us-east-1",
            "table_name": "webkentoPokedex"
          },
          "sensitive_attributes": [],
          "identity_schema_version": 0,
          "private": "bnVsbA==",
          "dependencies": [
            "aws_dynamodb_table.webkentoPokedex"
          ]
        },
        {
          "index_key": "143",
          "schema_version": 0,
          "attributes": {
            "hash_key": "id",
            "id": "webkentoPokedex|id|143",
            "item": "{\"id\":{\"N\":\"143\"},\"poke_name\":{\"S\":\"Snorlax\"}}",
            "range_key": null,
            "region": "us-east-1",
            "table_name": "webkentoPokedex"
          },
          "sensitive_attributes": [],
          "identity_schema_version": 0,
          "private": "bnVsbA==",
          "dependencies": [
            "aws_dynamodb_table.webkentoPokedex"
          ]
        },
        {
          "index_key": "144",
          "schema_version": 0,
          "attributes": {
            "hash_key": "id",
            "id": "webkentoPokedex|id|144",
            "item": "{\"id\":{\"N\":\"144\"},\"poke_name\":{\"S\":\"Articuno\"}}",
            "range_key": null,
            "region": "us-east-1",
            "table_name": "webkentoPokedex"
          },
          "sensitive_attributes": [],
          "identity_schema_version": 0,
          "private": "bnVsbA==",
          "dependencies": [
            "aws_dynamodb_table.webkentoPokedex"
          ]
        },
        {
          "index_key": "145",
          "schema_version": 0,
          "attributes": {
            "hash_key": "id",
            "id": "webkentoPokedex|id|145",
            "item": "{\"id\":{\"N\":\"145\"},\"poke_name\":{\"S\":\"Zapdos\"}}",
            "range_key": null,
            "region": "us-east-1",
            "table_name": "webkentoPokedex"
          },
          "sensitive_attributes": [],
          "identity_schema_version": 0,
          "private": "bnVsbA==",
          "dependencies": [
            "aws_dynamodb_table.webkentoPokedex"
          ]
        },
        {
          "index_key": "146",
          "schema_version": 0,
          "attributes": {
            "hash_key": "id",
            "id": "webkentoPokedex|id|146",
            "item": "{\"id\":{\"N\":\"146\"},\"poke_name\":{\"S\":\"Moltres\"}}",
            "range_key": null,
            "region": "us-east-1",
            "table_name": "webkentoPokedex"
          },
          "sensitive_attributes": [],
          "identity_schema_version": 0,
          "private": "bnVsbA==",
          "dependencies": [
            "aws_dynamodb_table.webkentoPokedex"
          ]
        },
        {
          "index_key": "147",
          "schema_version": 0,
          "attributes": {
            "hash_key": "id",
            "id": "webkentoPokedex|id|147",
            "item": "{\"id\":{\"N\":\"147\"},\"poke_name\":{\"S\":\"Dratini\"}}",
            "range_key": null,
            "region": "us-east-1",
            "table_name": "webkentoPokedex"
          },
          "sensitive_attributes": [],
          "identity_schema_version": 0,
          "private": "bnVsbA==",
          "dependencies": [
            "aws_dynamodb_table.webkentoPokedex"
          ]
        },
        {
          "index_key": "148",
          "schema_version": 0,
          "attributes": {
            "hash_key": "id",
            "id": "webkentoPokedex|id|148",
            "item": "{\"id\":{\"N\":\"148\"},\"poke_name\":{\"S\":\"Dragonair\"}}",
            "range_key": null,
            "region": "us-east-1",
            "table_name": "webkentoPokedex"
          },
          "sensitive_attributes": [],
          "identity_schema_version": 0,
          "private": "bnVsbA==",
          "dependencies": [
            "aws_dynamodb_table.webkentoPokedex"
          ]
        },
        {
          "index_key": "149",
          "schema_version": 0,
          "attributes": {
            "hash_key": "id",
            "id": "webkentoPokedex|id|149",
            "item": "{\"id\":{\"N\":\"149\"},\"poke_name\":{\"S\":\"Dragonite\"}}",
            "range_key": null,
            "region": "us-east-1",
            "table_name": "webkentoPokedex"
          },
          "sensitive_attributes": [],
          "identity_schema_version": 0,
          "private": "bnVsbA==",
          "dependencies": [
            "aws_dynamodb_table.webkentoPokedex"
          ]
        },
        {
          "index_key": "15",
          "schema_version": 0,
          "attributes": {
            "hash_key": "id",
            "id": "webkentoPokedex|id|15",
            "item": "{\"id\":{\"N\":\"15\"},\"poke_name\":{\"S\":\"Beedrill\"}}",
            "range_key": null,
            "region": "us-east-1",
            "table_name": "webkentoPokedex"
          },
          "sensitive_attributes": [],
          "identity_schema_version": 0,
          "private": "bnVsbA==",
          "dependencies": [
            "aws_dynamodb_table.webkentoPokedex"
          ]
        },
        {
          "index_key": "150",
          "schema_version": 0,
          "attributes": {
            "hash_key": "id",
            "id": "webkentoPokedex|id|150",
            "item": "{\"id\":{\"N\":\"150\"},\"poke_name\":{\"S\":\"Mewtwo\"}}",
            "range_key": null,
            "region": "us-east-1",
            "table_name": "webkentoPokedex"
          },
          "sensitive_attributes": [],
          "identity_schema_version": 0,
          "private": "bnVsbA==",
          "dependencies": [
            "aws_dynamodb_table.webkentoPokedex"
          ]
        },
        {
          "index_key": "16",
          "schema_version": 0,
          "attributes": {
            "hash_key": "id",
            "id": "webkentoPokedex|id|16",
            "item": "{\"id\":{\"N\":\"16\"},\"poke_name\":{\"S\":\"Pidgey\"}}",
            "range_key": null,
            "region": "us-east-1",
            "table_name": "webkentoPokedex"
          },
          "sensitive_attributes": [],
          "identity_schema_version": 0,
          "private": "bnVsbA==",
          "dependencies": [
            "aws_dynamodb_table.webkentoPokedex"
          ]
        },
        {
          "index_key": "17",
          "schema_version": 0,
          "attributes": {
            "hash_key": "id",
            "id": "webkentoPokedex|id|17",
            "item": "{\"id\":{\"N\":\"17\"},\"poke_name\":{\"S\":\"Pidgeotto\"}}",
            "range_key": null,
            "region": "us-east-1",
            "table_name": "webkentoPokedex"
          },
          "sensitive_attributes": [],
          "identity_schema_version": 0,
          "private": "bnVsbA==",
          "dependencies": [
            "aws_dynamodb_table.webkentoPokedex"
          ]
        },
        {
          "index_key": "18",
          "schema_version": 0,
          "attributes": {
            "hash_key": "id",
            "id": "webkentoPokedex|id|18",
            "item": "{\"id\":{\"N\":\"18\"},\"poke_name\":{\"S\":\"Pidgeot\"}}",
            "range_key": null,
            "region": "us-east-1",
            "table_name": "webkentoPokedex"
          },
          "sensitive_attributes": [],
          "identity_schema_version": 0,
          "private": "bnVsbA==",
          "dependencies": [
            "aws_dynamodb_table.webkentoPokedex"
          ]
        },
        {
          "index_key": "19",
          "schema_version": 0,
          "attributes": {
            "hash_key": "id",
            "id": "webkentoPokedex|id|19",
            "item": "{\"id\":{\"N\":\"19\"},\"poke_name\":{\"S\":\"Rattata\"}}",
            "range_key": null,
            "region": "us-east-1",
            "table_name": "webkentoPokedex"
          },
          "sensitive_attributes": [],
          "identity_schema_version": 0,
          "private": "bnVsbA==",
          "dependencies": [
            "aws_dynamodb_table.webkentoPokedex"
          ]
        },
        {
          "index_key": "2",
          "schema_version": 0,
          "attributes": {
            "hash_key": "id",
            "id": "webkentoPokedex|id|2",
            "item": "{\"id\":{\"N\":\"2\"},\"poke_name\":{\"S\":\"Ivysaur\"}}",
            "range_key": null,
            "region": "us-east-1",
            "table_name": "webkentoPokedex"
          },
          "sensitive_attributes": [],
          "identity_schema_version": 0,
          "private": "bnVsbA==",
          "dependencies": [
            "aws_dynamodb_table.webkentoPokedex"
          ]
        },
        {
          "index_key": "20",
          "schema_version": 0,
          "attributes": {
            "hash_key": "id",
            "id": "webkentoPokedex|id|20",
            "item": "{\"id\":{\"N\":\"20\"},\"poke_name\":{\"S\":\"Raticate\"}}",
            "range_key": null,
            "region": "us-east-1",
            "table_name": "webkentoPokedex"
          },
          "sensitive_attributes": [],
          "identity_schema_version": 0,
          "private": "bnVsbA==",
          "dependencies": [
            "aws_dynamodb_table.webkentoPokedex"
          ]
        },
        {
          "index_key": "21",
          "schema_version": 0,
          "attributes": {
            "hash_key": "id",
            "id": "webkentoPokedex|id|21",
            "item": "{\"id\":{\"N\":\"21\"},\"poke_name\":{\"S\":\"Spearow\"}}",
            "range_key": null,
            "region": "us-east-1",
            "table_name": "webkentoPokedex"
          },
          "sensitive_attributes": [],
          "identity_schema_version": 0,
          "private": "bnVsbA==",
          "dependencies": [
            "aws_dynamodb_table.webkentoPokedex"
          ]
        },
        {
          "index_key": "22",
          "schema_version": 0,
          "attributes": {
            "hash_key": "id",
            "id": "webkentoPokedex|id|22",
            "item": "{\"id\":{\"N\":\"22\"},\"poke_name\":{\"S\":\"Fearow\"}}",
            "range_key": null,
            "region": "us-east-1",
            "table_name": "webkentoPokedex"
          },
          "sensitive_attributes": [],
          "identity_schema_version": 0,
          "private": "bnVsbA==",
          "dependencies": [
            "aws_dynamodb_table.webkentoPokedex"
          ]
        },
        {
          "index_key": "23",
          "schema_version": 0,
          "attributes": {
            "hash_key": "id",
            "id": "webkentoPokedex|id|23",
            "item": "{\"id\":{\"N\":\"23\"},\"poke_name\":{\"S\":\"Ekans\"}}",
            "range_key": null,
            "region": "us-east-1",
            "table_name": "webkentoPokedex"
          },
          "sensitive_attributes": [],
          "identity_schema_version": 0,
          "private": "bnVsbA==",
          "dependencies": [
            "aws_dynamodb_table.webkentoPokedex"
          ]
        },
        {
          "index_key": "24",
          "schema_version": 0,
          "attributes": {
            "hash_key": "id",
            "id": "webkentoPokedex|id|24",
            "item": "{\"id\":{\"N\":\"24\"},\"poke_name\":{\"S\":\"Arbok\"}}",
            "range_key": null,
            "region": "us-east-1",
            "table_name": "webkentoPokedex"
          },
          "sensitive_attributes": [],
          "identity_schema_version": 0,
          "private": "bnVsbA==",
          "dependencies": [
            "aws_dynamodb_table.webkentoPokedex"
          ]
        },
        {
          "index_key": "25",
          "schema_version": 0,
          "attributes": {
            "hash_key": "id",
            "id": "webkentoPokedex|id|25",
            "item": "{\"id\":{\"N\":\"25\"},\"poke_name\":{\"S\":\"Pikachu\"}}",
            "range_key": null,
            "region": "us-east-1",
            "table_name": "webkentoPokedex"
          },
          "sensitive_attributes": [],
          "identity_schema_version": 0,
          "private": "bnVsbA==",
          "dependencies": [
            "aws_dynamodb_table.webkentoPokedex"
          ]
        },
        {
          "index_key": "26",
          "schema_version": 0,
          "attributes": {
            "hash_key": "id",
            "id": "webkentoPokedex|id|26",
            "item": "{\"id\":{\"N\":\"26\"},\"poke_name\":{\"S\":\"Raichu\"}}",
            "range_key": null,
            "region": "us-east-1",
            "table_name": "webkentoPokedex"
          },
          "sensitive_attributes": [],
          "identity_schema_version": 0,
          "private": "bnVsbA==",
          "dependencies": [
            "aws_dynamodb_table.webkentoPokedex"
          ]
        },
        {
          "index_key": "27",
          "schema_version": 0,
          "attributes": {
            "hash_key": "id",
            "id": "webkentoPokedex|id|27",
            "item": "{\"id\":{\"N\":\"27\"},\"poke_name\":{\"S\":\"Sandshrew\"}}",
            "range_key": null,
            "region": "us-east-1",
            "table_name": "webkentoPokedex"
          },
          "sensitive_attributes": [],
          "identity_schema_version": 0,
          "private": "bnVsbA==",
          "dependencies": [
            "aws_dynamodb_table.webkentoPokedex"
          ]
        },
        {
          "index_key": "28",
          "schema_version": 0,
          "attributes": {
            "hash_key": "id",
            "id": "webkentoPokedex|id|28",
            "item": "{\"id\":{\"N\":\"28\"},\"poke_name\":{\"S\":\"Sandslash\"}}",
            "range_key": null,
            "region": "us-east-1",
            "table_name": "webkentoPokedex"
          },
          "sensitive_attributes": [],
          "identity_schema_version": 0,
          "private": "bnVsbA==",
          "dependencies": [
            "aws_dynamodb_table.webkentoPokedex"
          ]
        },
        {
          "index_key": "29",
          "schema_version": 0,
          "attributes": {
            "hash_key": "id",
            "id": "webkentoPokedex|id|29",
            "item": "{\"id\":{\"N\":\"29\"},\"poke_name\":{\"S\":\"Nidoran♀\"}}",
            "range_key": null,
            "region": "us-east-1",
            "table_name": "webkentoPokedex"
          },
          "sensitive_attributes": [],
          "identity_schema_version": 0,
          "private": "bnVsbA==",
          "dependencies": [
            "aws_dynamodb_table.webkentoPokedex"
          ]
        },
        {
          "index_key": "3",
          "schema_version": 0,
          "attributes": {
            "hash_key": "id",
            "id": "webkentoPokedex|id|3",
            "item": "{\"id\":{\"N\":\"3\"},\"poke_name\":{\"S\":\"Venusaur\"}}",
            "range_key": null,
            "region": "us-east-1",
            "table_name": "webkentoPokedex"
          },
          "sensitive_attributes": [],
          "identity_schema_version": 0,
          "private": "bnVsbA==",
          "dependencies": [
            "aws_dynamodb_table.webkentoPokedex"
          ]
        },
        {
          "index_key": "30",
          "schema_version": 0,
          "attributes": {
            "hash_key": "id",
            "id": "webkentoPokedex|id|30",
            "item": "{\"id\":{\"N\":\"30\"},\"poke_name\":{\"S\":\"Nidorina\"}}",
            "range_key": null,
            "region": "us-east-1",
            "table_name": "webkentoPokedex"
          },
          "sensitive_attributes": [],
          "identity_schema_version": 0,
          "private": "bnVsbA==",
          "dependencies": [
            "aws_dynamodb_table.webkentoPokedex"
          ]
        },
        {
          "index_key": "31",
          "schema_version": 0,
          "attributes": {
            "hash_key": "id",
            "id": "webkentoPokedex|id|31",
            "item": "{\"id\":{\"N\":\"31\"},\"poke_name\":{\"S\":\"Nidoqueen\"}}",
            "range_key": null,
            "region": "us-east-1",
            "table_name": "webkentoPokedex"
          },
          "sensitive_attributes": [],
          "identity_schema_version": 0,
          "private": "bnVsbA==",
          "dependencies": [
            "aws_dynamodb_table.webkentoPokedex"
          ]
        },
        {
          "index_key": "32",
          "schema_version": 0,
          "attributes": {
            "hash_key": "id",
            "id": "webkentoPokedex|id|32",
            "item": "{\"id\":{\"N\":\"32\"},\"poke_name\":{\"S\":\"Nidoran♂\"}}",
            "range_key": null,
            "region": "us-east-1",
            "table_name": "webkentoPokedex"
          },
          "sensitive_attributes": [],
          "identity_schema_version": 0,
          "private": "bnVsbA==",
          "dependencies": [
            "aws_dynamodb_table.webkentoPokedex"
          ]
        },
        {
          "index_key": "33",
          "schema_version": 0,
          "attributes": {
            "hash_key": "id",
            "id": "webkentoPokedex|id|33",
            "item": "{\"id\":{\"N\":\"33\"},\"poke_name\":{\"S\":\"Nidorino\"}}",
            "range_key": null,
            "region": "us-east-1",
            "table_name": "webkentoPokedex"
          },
          "sensitive_attributes": [],
          "identity_schema_version": 0,
          "private": "bnVsbA==",
          "dependencies": [
            "aws_dynamodb_table.webkentoPokedex"
          ]
        },
        {
          "index_key": "34",
          "schema_version": 0,
          "attributes": {
            "hash_key": "id",
            "id": "webkentoPokedex|id|34",
            "item": "{\"id\":{\"N\":\"34\"},\"poke_name\":{\"S\":\"Nidoking\"}}",
            "range_key": null,
            "region": "us-east-1",
            "table_name": "webkentoPokedex"
          },
          "sensitive_attributes": [],
          "identity_schema_version": 0,
          "private": "bnVsbA==",
          "dependencies": [
            "aws_dynamodb_table.webkentoPokedex"
          ]
        },
        {
          "index_key": "35",
          "schema_version": 0,
          "attributes": {
            "hash_key": "id",
            "id": "webkentoPokedex|id|35",
            "item": "{\"id\":{\"N\":\"35\"},\"poke_name\":{\"S\":\"Clefairy\"}}",
            "range_key": null,
            "region": "us-east-1",
            "table_name": "webkentoPokedex"
          },
          "sensitive_attributes": [],
          "identity_schema_version": 0,
          "private": "bnVsbA==",
          "dependencies": [
            "aws_dynamodb_table.webkentoPokedex"
          ]
        },
        {
          "index_key": "36",
          "schema_version": 0,
          "attributes": {
            "hash_key": "id",
            "id": "webkentoPokedex|id|36",
            "item": "{\"id\":{\"N\":\"36\"},\"poke_name\":{\"S\":\"Clefable\"}}",
            "range_key": null,
            "region": "us-east-1",
            "table_name": "webkentoPokedex"
          },
          "sensitive_attributes": [],
          "identity_schema_version": 0,
          "private": "bnVsbA==",
          "dependencies": [
            "aws_dynamodb_table.webkentoPokedex"
          ]
        },
        {
          "index_key": "37",
          "schema_version": 0,
          "attributes": {
            "hash_key": "id",
            "id": "webkentoPokedex|id|37",
            "item": "{\"id\":{\"N\":\"37\"},\"poke_name\":{\"S\":\"Vulpix\"}}",
            "range_key": null,
            "region": "us-east-1",
            "table_name": "webkentoPokedex"
          },
          "sensitive_attributes": [],
          "identity_schema_version": 0,
          "private": "bnVsbA==",
          "dependencies": [
            "aws_dynamodb_table.webkentoPokedex"
          ]
        },
        {
          "index_key": "38",
          "schema_version": 0,
          "attributes": {
            "hash_key": "id",
            "id": "webkentoPokedex|id|38",
            "item": "{\"id\":{\"N\":\"38\"},\"poke_name\":{\"S\":\"Ninetales\"}}",
            "range_key": null,
            "region": "us-east-1",
            "table_name": "webkentoPokedex"
          },
          "sensitive_attributes": [],
          "identity_schema_version": 0,
          "private": "bnVsbA==",
          "dependencies": [
            "aws_dynamodb_table.webkentoPokedex"
          ]
        },
        {
          "index_key": "39",
          "schema_version": 0,
          "attributes": {
            "hash_key": "id",
            "id": "webkentoPokedex|id|39",
            "item": "{\"id\":{\"N\":\"39\"},\"poke_name\":{\"S\":\"Jigglypuff\"}}",
            "range_key": null,
            "region": "us-east-1",
            "table_name": "webkentoPokedex"
          },
          "sensitive_attributes": [],
          "identity_schema_version": 0,
          "private": "bnVsbA==",
          "dependencies": [
            "aws_dynamodb_table.webkentoPokedex"
          ]
        },
        {
          "index_key": "4",
          "schema_version": 0,
          "attributes": {
            "hash_key": "id",
            "id": "webkentoPokedex|id|4",
            "item": "{\"id\":{\"N\":\"4\"},\"poke_name\":{\"S\":\"Charmander\"}}",
            "range_key": null,
            "region": "us-east-1",
            "table_name": "webkentoPokedex"
          },
          "sensitive_attributes": [],
          "identity_schema_version": 0,
          "private": "bnVsbA==",
          "dependencies": [
            "aws_dynamodb_table.webkentoPokedex"
          ]
        },
        {
          "index_key": "40",
          "schema_version": 0,
          "attributes": {
            "hash_key": "id",
            "id": "webkentoPokedex|id|40",
            "item": "{\"id\":{\"N\":\"40\"},\"poke_name\":{\"S\":\"Wigglytuff\"}}",
            "range_key": null,
            "region": "us-east-1",
            "table_name": "webkentoPokedex"
          },
          "sensitive_attributes": [],
          "identity_schema_version": 0,
          "private": "bnVsbA==",
          "dependencies": [
            "aws_dynamodb_table.webkentoPokedex"
          ]
        },
        {
          "index_key": "41",
          "schema_version": 0,
          "attributes": {
            "hash_key": "id",
            "id": "webkentoPokedex|id|41",
            "item": "{\"id\":{\"N\":\"41\"},\"poke_name\":{\"S\":\"Zubat\"}}",
            "range_key": null,
            "region": "us-east-1",
            "table_name": "webkentoPokedex"
          },
          "sensitive_attributes": [],
          "identity_schema_version": 0,
          "private": "bnVsbA==",
          "dependencies": [
            "aws_dynamodb_table.webkentoPokedex"
          ]
        },
        {
          "index_key": "42",
          "schema_version": 0,
          "attributes": {
            "hash_key": "id",
            "id": "webkentoPokedex|id|42",
            "item": "{\"id\":{\"N\":\"42\"},\"poke_name\":{\"S\":\"Golbat\"}}",
            "range_key": null,
            "region": "us-east-1",
            "table_name": "webkentoPokedex"
          },
          "sensitive_attributes": [],
          "identity_schema_version": 0,
          "private": "bnVsbA==",
          "dependencies": [
            "aws_dynamodb_table.webkentoPokedex"
          ]
        },
        {
          "index_key": "43",
          "schema_version": 0,
          "attributes": {
            "hash_key": "id",
            "id": "webkentoPokedex|id|43",
            "item": "{\"id\":{\"N\":\"43\"},\"poke_name\":{\"S\":\"Oddish\"}}",
            "range_key": null,
            "region": "us-east-1",
            "table_name": "webkentoPokedex"
          },
          "sensitive_attributes": [],
          "identity_schema_version": 0,
          "private": "bnVsbA==",
          "dependencies": [
            "aws_dynamodb_table.webkentoPokedex"
          ]
        },
        {
          "index_key": "44",
          "schema_version": 0,
          "attributes": {
            "hash_key": "id",
            "id": "webkentoPokedex|id|44",
            "item": "{\"id\":{\"N\":\"44\"},\"poke_name\":{\"S\":\"Gloom\"}}",
            "range_key": null,
            "region": "us-east-1",
            "table_name": "webkentoPokedex"
          },
          "sensitive_attributes": [],
          "identity_schema_version": 0,
          "private": "bnVsbA==",
          "dependencies": [
            "aws_dynamodb_table.webkentoPokedex"
          ]
        },
        {
          "index_key": "45",
          "schema_version": 0,
          "attributes": {
            "hash_key": "id",
            "id": "webkentoPokedex|id|45",
            "item": "{\"id\":{\"N\":\"45\"},\"poke_name\":{\"S\":\"Vileplume\"}}",
            "range_key": null,
            "region": "us-east-1",
            "table_name": "webkentoPokedex"
          },
          "sensitive_attributes": [],
          "identity_schema_version": 0,
          "private": "bnVsbA==",
          "dependencies": [
            "aws_dynamodb_table.webkentoPokedex"
          ]
        },
        {
          "index_key": "46",
          "schema_version": 0,
          "attributes": {
            "hash_key": "id",
            "id": "webkentoPokedex|id|46",
            "item": "{\"id\":{\"N\":\"46\"},\"poke_name\":{\"S\":\"Paras\"}}",
            "range_key": null,
            "region": "us-east-1",
            "table_name": "webkentoPokedex"
          },
          "sensitive_attributes": [],
          "identity_schema_version": 0,
          "private": "bnVsbA==",
          "dependencies": [
            "aws_dynamodb_table.webkentoPokedex"
          ]
        },
        {
          "index_key": "47",
          "schema_version": 0,
          "attributes": {
            "hash_key": "id",
            "id": "webkentoPokedex|id|47",
            "item": "{\"id\":{\"N\":\"47\"},\"poke_name\":{\"S\":\"Parasect\"}}",
            "range_key": null,
            "region": "us-east-1",
            "table_name": "webkentoPokedex"
          },
          "sensitive_attributes": [],
          "identity_schema_version": 0,
          "private": "bnVsbA==",
          "dependencies": [
            "aws_dynamodb_table.webkentoPokedex"
          ]
        },
        {
          "index_key": "48",
          "schema_version": 0,
          "attributes": {
            "hash_key": "id",
            "id": "webkentoPokedex|id|48",
            "item": "{\"id\":{\"N\":\"48\"},\"poke_name\":{\"S\":\"Venonat\"}}",
            "range_key": null,
            "region": "us-east-1",
            "table_name": "webkentoPokedex"
          },
          "sensitive_attributes": [],
          "identity_schema_version": 0,
          "private": "bnVsbA==",
          "dependencies": [
            "aws_dynamodb_table.webkentoPokedex"
          ]
        },
        {
          "index_key": "49",
          "schema_version": 0,
          "attributes": {
            "hash_key": "id",
            "id": "webkentoPokedex|id|49",
            "item": "{\"id\":{\"N\":\"49\"},\"poke_name\":{\"S\":\"Venomoth\"}}",
            "range_key": null,
            "region": "us-east-1",
            "table_name": "webkentoPokedex"
          },
          "sensitive_attributes": [],
          "identity_schema_version": 0,
          "private": "bnVsbA==",
          "dependencies": [
            "aws_dynamodb_table.webkentoPokedex"
          ]
        },
        {
          "index_key": "5",
          "schema_version": 0,
          "attributes": {
            "hash_key": "id",
            "id": "webkentoPokedex|id|5",
            "item": "{\"id\":{\"N\":\"5\"},\"poke_name\":{\"S\":\"Charmeleon\"}}",
            "range_key": null,
            "region": "us-east-1",
            "table_name": "webkentoPokedex"
          },
          "sensitive_attributes": [],
          "identity_schema_version": 0,
          "private": "bnVsbA==",
          "dependencies": [
            "aws_dynamodb_table.webkentoPokedex"
          ]
        },
        {
          "index_key": "50",
          "schema_version": 0,
          "attributes": {
            "hash_key": "id",
            "id": "webkentoPokedex|id|50",
            "item": "{\"id\":{\"N\":\"50\"},\"poke_name\":{\"S\":\"Diglett\"}}",
            "range_key": null,
            "region": "us-east-1",
            "table_name": "webkentoPokedex"
          },
          "sensitive_attributes": [],
          "identity_schema_version": 0,
          "private": "bnVsbA==",
          "dependencies": [
            "aws_dynamodb_table.webkentoPokedex"
          ]
        },
        {
          "index_key": "51",
          "schema_version": 0,
          "attributes": {
            "hash_key": "id",
            "id": "webkentoPokedex|id|51",
            "item": "{\"id\":{\"N\":\"51\"},\"poke_name\":{\"S\":\"Dugtrio\"}}",
            "range_key": null,
            "region": "us-east-1",
            "table_name": "webkentoPokedex"
          },
          "sensitive_attributes": [],
          "identity_schema_version": 0,
          "private": "bnVsbA==",
          "dependencies": [
            "aws_dynamodb_table.webkentoPokedex"
          ]
        },
        {
          "index_key": "52",
          "schema_version": 0,
          "attributes": {
            "hash_key": "id",
            "id": "webkentoPokedex|id|52",
            "item": "{\"id\":{\"N\":\"52\"},\"poke_name\":{\"S\":\"Meowth\"}}",
            "range_key": null,
            "region": "us-east-1",
            "table_name": "webkentoPokedex"
          },
          "sensitive_attributes": [],
          "identity_schema_version": 0,
          "private": "bnVsbA==",
          "dependencies": [
            "aws_dynamodb_table.webkentoPokedex"
          ]
        },
        {
          "index_key": "53",
          "schema_version": 0,
          "attributes": {
            "hash_key": "id",
            "id": "webkentoPokedex|id|53",
            "item": "{\"id\":{\"N\":\"53\"},\"poke_name\":{\"S\":\"Persian\"}}",
            "range_key": null,
            "region": "us-east-1",
            "table_name": "webkentoPokedex"
          },
          "sensitive_attributes": [],
          "identity_schema_version": 0,
          "private": "bnVsbA==",
          "dependencies": [
            "aws_dynamodb_table.webkentoPokedex"
          ]
        },
        {
          "index_key": "54",
          "schema_version": 0,
          "attributes": {
            "hash_key": "id",
            "id": "webkentoPokedex|id|54",
            "item": "{\"id\":{\"N\":\"54\"},\"poke_name\":{\"S\":\"Psyduck\"}}",
            "range_key": null,
            "region": "us-east-1",
            "table_name": "webkentoPokedex"
          },
          "sensitive_attributes": [],
          "identity_schema_version": 0,
          "private": "bnVsbA==",
          "dependencies": [
            "aws_dynamodb_table.webkentoPokedex"
          ]
        },
        {
          "index_key": "55",
          "schema_version": 0,
          "attributes": {
            "hash_key": "id",
            "id": "webkentoPokedex|id|55",
            "item": "{\"id\":{\"N\":\"55\"},\"poke_name\":{\"S\":\"Golduck\"}}",
            "range_key": null,
            "region": "us-east-1",
            "table_name": "webkentoPokedex"
          },
          "sensitive_attributes": [],
          "identity_schema_version": 0,
          "private": "bnVsbA==",
          "dependencies": [
            "aws_dynamodb_table.webkentoPokedex"
          ]
        },
        {
          "index_key": "56",
          "schema_version": 0,
          "attributes": {
            "hash_key": "id",
            "id": "webkentoPokedex|id|56",
            "item": "{\"id\":{\"N\":\"56\"},\"poke_name\":{\"S\":\"Mankey\"}}",
            "range_key": null,
            "region": "us-east-1",
            "table_name": "webkentoPokedex"
          },
          "sensitive_attributes": [],
          "identity_schema_version": 0,
          "private": "bnVsbA==",
          "dependencies": [
            "aws_dynamodb_table.webkentoPokedex"
          ]
        },
        {
          "index_key": "57",
          "schema_version": 0,
          "attributes": {
            "hash_key": "id",
            "id": "webkentoPokedex|id|57",
            "item": "{\"id\":{\"N\":\"57\"},\"poke_name\":{\"S\":\"Primeape\"}}",
            "range_key": null,
            "region": "us-east-1",
            "table_name": "webkentoPokedex"
          },
          "sensitive_attributes": [],
          "identity_schema_version": 0,
          "private": "bnVsbA==",
          "dependencies": [
            "aws_dynamodb_table.webkentoPokedex"
          ]
        },
        {
          "index_key": "58",
          "schema_version": 0,
          "attributes": {
            "hash_key": "id",
            "id": "webkentoPokedex|id|58",
            "item": "{\"id\":{\"N\":\"58\"},\"poke_name\":{\"S\":\"Growlithe\"}}",
            "range_key": null,
            "region": "us-east-1",
            "table_name": "webkentoPokedex"
          },
          "sensitive_attributes": [],
          "identity_schema_version": 0,
          "private": "bnVsbA==",
          "dependencies": [
            "aws_dynamodb_table.webkentoPokedex"
          ]
        },
        {
          "index_key": "59",
          "schema_version": 0,
          "attributes": {
            "hash_key": "id",
            "id": "webkentoPokedex|id|59",
            "item": "{\"id\":{\"N\":\"59\"},\"poke_name\":{\"S\":\"Arcanine\"}}",
            "range_key": null,
            "region": "us-east-1",
            "table_name": "webkentoPokedex"
          },
          "sensitive_attributes": [],
          "identity_schema_version": 0,
          "private": "bnVsbA==",
          "dependencies": [
            "aws_dynamodb_table.webkentoPokedex"
          ]
        },
        {
          "index_key": "6",
          "schema_version": 0,
          "attributes": {
            "hash_key": "id",
            "id": "webkentoPokedex|id|6",
            "item": "{\"id\":{\"N\":\"6\"},\"poke_name\":{\"S\":\"Charizard\"}}",
            "range_key": null,
            "region": "us-east-1",
            "table_name": "webkentoPokedex"
          },
          "sensitive_attributes": [],
          "identity_schema_version": 0,
          "private": "bnVsbA==",
          "dependencies": [
            "aws_dynamodb_table.webkentoPokedex"
          ]
        },
        {
          "index_key": "60",
          "schema_version": 0,
          "attributes": {
            "hash_key": "id",
            "id": "webkentoPokedex|id|60",
            "item": "{\"id\":{\"N\":\"60\"},\"poke_name\":{\"S\":\"Poliwag\"}}",
            "range_key": null,
            "region": "us-east-1",
            "table_name": "webkentoPokedex"
          },
          "sensitive_attributes": [],
          "identity_schema_version": 0,
          "private": "bnVsbA==",
          "dependencies": [
            "aws_dynamodb_table.webkentoPokedex"
          ]
        },
        {
          "index_key": "61",
          "schema_version": 0,
          "attributes": {
            "hash_key": "id",
            "id": "webkentoPokedex|id|61",
            "item": "{\"id\":{\"N\":\"61\"},\"poke_name\":{\"S\":\"Poliwhirl\"}}",
            "range_key": null,
            "region": "us-east-1",
            "table_name": "webkentoPokedex"
          },
          "sensitive_attributes": [],
          "identity_schema_version": 0,
          "private": "bnVsbA==",
          "dependencies": [
            "aws_dynamodb_table.webkentoPokedex"
          ]
        },
        {
          "index_key": "62",
          "schema_version": 0,
          "attributes": {
            "hash_key": "id",
            "id": "webkentoPokedex|id|62",
            "item": "{\"id\":{\"N\":\"62\"},\"poke_name\":{\"S\":\"Poliwrath\"}}",
            "range_key": null,
            "region": "us-east-1",
            "table_name": "webkentoPokedex"
          },
          "sensitive_attributes": [],
          "identity_schema_version": 0,
          "private": "bnVsbA==",
          "dependencies": [
            "aws_dynamodb_table.webkentoPokedex"
          ]
        },
        {
          "index_key": "63",
          "schema_version": 0,
          "attributes": {
            "hash_key": "id",
            "id": "webkentoPokedex|id|63",
            "item": "{\"id\":{\"N\":\"63\"},\"poke_name\":{\"S\":\"Abra\"}}",
            "range_key": null,
            "region": "us-east-1",
            "table_name": "webkentoPokedex"
          },
          "sensitive_attributes": [],
          "identity_schema_version": 0,
          "private": "bnVsbA==",
          "dependencies": [
            "aws_dynamodb_table.webkentoPokedex"
          ]
        },
        {
          "index_key": "64",
          "schema_version": 0,
          "attributes": {
            "hash_key": "id",
            "id": "webkentoPokedex|id|64",
            "item": "{\"id\":{\"N\":\"64\"},\"poke_name\":{\"S\":\"Kadabra\"}}",
            "range_key": null,
            "region": "us-east-1",
            "table_name": "webkentoPokedex"
          },
          "sensitive_attributes": [],
          "identity_schema_version": 0,
          "private": "bnVsbA==",
          "dependencies": [
            "aws_dynamodb_table.webkentoPokedex"
          ]
        },
        {
          "index_key": "65",
          "schema_version": 0,
          "attributes": {
            "hash_key": "id",
            "id": "webkentoPokedex|id|65",
            "item": "{\"id\":{\"N\":\"65\"},\"poke_name\":{\"S\":\"Alakazam\"}}",
            "range_key": null,
            "region": "us-east-1",
            "table_name": "webkentoPokedex"
          },
          "sensitive_attributes": [],
          "identity_schema_version": 0,
          "private": "bnVsbA==",
          "dependencies": [
            "aws_dynamodb_table.webkentoPokedex"
          ]
        },
        {
          "index_key": "66",
          "schema_version": 0,
          "attributes": {
            "hash_key": "id",
            "id": "webkentoPokedex|id|66",
            "item": "{\"id\":{\"N\":\"66\"},\"poke_name\":{\"S\":\"Machop\"}}",
            "range_key": null,
            "region": "us-east-1",
            "table_name": "webkentoPokedex"
          },
          "sensitive_attributes": [],
          "identity_schema_version": 0,
          "private": "bnVsbA==",
          "dependencies": [
            "aws_dynamodb_table.webkentoPokedex"
          ]
        },
        {
          "index_key": "67",
          "schema_version": 0,
          "attributes": {
            "hash_key": "id",
            "id": "webkentoPokedex|id|67",
            "item": "{\"id\":{\"N\":\"67\"},\"poke_name\":{\"S\":\"Machoke\"}}",
            "range_key": null,
            "region": "us-east-1",
            "table_name": "webkentoPokedex"
          },
          "sensitive_attributes": [],
          "identity_schema_version": 0,
          "private": "bnVsbA==",
          "dependencies": [
            "aws_dynamodb_table.webkentoPokedex"
          ]
        },
        {
          "index_key": "68",
          "schema_version": 0,
          "attributes": {
            "hash_key": "id",
            "id": "webkentoPokedex|id|68",
            "item": "{\"id\":{\"N\":\"68\"},\"poke_name\":{\"S\":\"Machamp\"}}",
            "range_key": null,
            "region": "us-east-1",
            "table_name": "webkentoPokedex"
          },
          "sensitive_attributes": [],
          "identity_schema_version": 0,
          "private": "bnVsbA==",
          "dependencies": [
            "aws_dynamodb_table.webkentoPokedex"
          ]
        },
        {
          "index_key": "69",
          "schema_version": 0,
          "attributes": {
            "hash_key": "id",
            "id": "webkentoPokedex|id|69",
            "item": "{\"id\":{\"N\":\"69\"},\"poke_name\":{\"S\":\"Bellsprout\"}}",
            "range_key": null,
            "region": "us-east-1",
            "table_name": "webkentoPokedex"
          },
          "sensitive_attributes": [],
          "identity_schema_version": 0,
          "private": "bnVsbA==",
          "dependencies": [
            "aws_dynamodb_table.webkentoPokedex"
          ]
        },
        {
          "index_key": "7",
          "schema_version": 0,
          "attributes": {
            "hash_key": "id",
            "id": "webkentoPokedex|id|7",
            "item": "{\"id\":{\"N\":\"7\"},\"poke_name\":{\"S\":\"Squirtle\"}}",
            "range_key": null,
            "region": "us-east-1",
            "table_name": "webkentoPokedex"
          },
          "sensitive_attributes": [],
          "identity_schema_version": 0,
          "private": "bnVsbA==",
          "dependencies": [
            "aws_dynamodb_table.webkentoPokedex"
          ]
        },
        {
          "index_key": "70",
          "schema_version": 0,
          "attributes": {
            "hash_key": "id",
            "id": "webkentoPokedex|id|70",
            "item": "{\"id\":{\"N\":\"70\"},\"poke_name\":{\"S\":\"Weepinbell\"}}",
            "range_key": null,
            "region": "us-east-1",
            "table_name": "webkentoPokedex"
          },
          "sensitive_attributes": [],
          "identity_schema_version": 0,
          "private": "bnVsbA==",
          "dependencies": [
            "aws_dynamodb_table.webkentoPokedex"
          ]
        },
        {
          "index_key": "71",
          "schema_version": 0,
          "attributes": {
            "hash_key": "id",
            "id": "webkentoPokedex|id|71",
            "item": "{\"id\":{\"N\":\"71\"},\"poke_name\":{\"S\":\"Victreebel\"}}",
            "range_key": null,
            "region": "us-east-1",
            "table_name": "webkentoPokedex"
          },
          "sensitive_attributes": [],
          "identity_schema_version": 0,
          "private": "bnVsbA==",
          "dependencies": [
            "aws_dynamodb_table.webkentoPokedex"
          ]
        },
        {
          "index_key": "72",
          "schema_version": 0,
          "attributes": {
            "hash_key": "id",
            "id": "webkentoPokedex|id|72",
            "item": "{\"id\":{\"N\":\"72\"},\"poke_name\":{\"S\":\"Tentacool\"}}",
            "range_key": null,
            "region": "us-east-1",
            "table_name": "webkentoPokedex"
          },
          "sensitive_attributes": [],
          "identity_schema_version": 0,
          "private": "bnVsbA==",
          "dependencies": [
            "aws_dynamodb_table.webkentoPokedex"
          ]
        },
        {
          "index_key": "73",
          "schema_version": 0,
          "attributes": {
            "hash_key": "id",
            "id": "webkentoPokedex|id|73",
            "item": "{\"id\":{\"N\":\"73\"},\"poke_name\":{\"S\":\"Tentacruel\"}}",
            "range_key": null,
            "region": "us-east-1",
            "table_name": "webkentoPokedex"
          },
          "sensitive_attributes": [],
          "identity_schema_version": 0,
          "private": "bnVsbA==",
          "dependencies": [
            "aws_dynamodb_table.webkentoPokedex"
          ]
        },
        {
          "index_key": "74",
          "schema_version": 0,
          "attributes": {
            "hash_key": "id",
            "id": "webkentoPokedex|id|74",
            "item": "{\"id\":{\"N\":\"74\"},\"poke_name\":{\"S\":\"Geodude\"}}",
            "range_key": null,
            "region": "us-east-1",
            "table_name": "webkentoPokedex"
          },
          "sensitive_attributes": [],
          "identity_schema_version": 0,
          "private": "bnVsbA==",
          "dependencies": [
            "aws_dynamodb_table.webkentoPokedex"
          ]
        },
        {
          "index_key": "75",
          "schema_version": 0,
          "attributes": {
            "hash_key": "id",
            "id": "webkentoPokedex|id|75",
            "item": "{\"id\":{\"N\":\"75\"},\"poke_name\":{\"S\":\"Graveler\"}}",
            "range_key": null,
            "region": "us-east-1",
            "table_name": "webkentoPokedex"
          },
          "sensitive_attributes": [],
          "identity_schema_version": 0,
          "private": "bnVsbA==",
          "dependencies": [
            "aws_dynamodb_table.webkentoPokedex"
          ]
        },
        {
          "index_key": "76",
          "schema_version": 0,
          "attributes": {
            "hash_key": "id",
            "id": "webkentoPokedex|id|76",
            "item": "{\"id\":{\"N\":\"76\"},\"poke_name\":{\"S\":\"Golem\"}}",
            "range_key": null,
            "region": "us-east-1",
            "table_name": "webkentoPokedex"
          },
          "sensitive_attributes": [],
          "identity_schema_version": 0,
          "private": "bnVsbA==",
          "dependencies": [
            "aws_dynamodb_table.webkentoPokedex"
          ]
        },
        {
          "index_key": "77",
          "schema_version": 0,
          "attributes": {
            "hash_key": "id",
            "id": "webkentoPokedex|id|77",
            "item": "{\"id\":{\"N\":\"77\"},\"poke_name\":{\"S\":\"Ponyta\"}}",
            "range_key": null,
            "region": "us-east-1",
            "table_name": "webkentoPokedex"
          },
          "sensitive_attributes": [],
          "identity_schema_version": 0,
          "private": "bnVsbA==",
          "dependencies": [
            "aws_dynamodb_table.webkentoPokedex"
          ]
        },
        {
          "index_key": "78",
          "schema_version": 0,
          "attributes": {
            "hash_key": "id",
            "id": "webkentoPokedex|id|78",
            "item": "{\"id\":{\"N\":\"78\"},\"poke_name\":{\"S\":\"Rapidash\"}}",
            "range_key": null,
            "region": "us-east-1",
            "table_name": "webkentoPokedex"
          },
          "sensitive_attributes": [],
          "identity_schema_version": 0,
          "private": "bnVsbA==",
          "dependencies": [
            "aws_dynamodb_table.webkentoPokedex"
          ]
        },
        {
          "index_key": "79",
          "schema_version": 0,
          "attributes": {
            "hash_key": "id",
            "id": "webkentoPokedex|id|79",
            "item": "{\"id\":{\"N\":\"79\"},\"poke_name\":{\"S\":\"Slowpoke\"}}",
            "range_key": null,
            "region": "us-east-1",
            "table_name": "webkentoPokedex"
          },
          "sensitive_attributes": [],
          "identity_schema_version": 0,
          "private": "bnVsbA==",
          "dependencies": [
            "aws_dynamodb_table.webkentoPokedex"
          ]
        },
        {
          "index_key": "8",
          "schema_version": 0,
          "attributes": {
            "hash_key": "id",
            "id": "webkentoPokedex|id|8",
            "item": "{\"id\":{\"N\":\"8\"},\"poke_name\":{\"S\":\"Wartortle\"}}",
            "range_key": null,
            "region": "us-east-1",
            "table_name": "webkentoPokedex"
          },
          "sensitive_attributes": [],
          "identity_schema_version": 0,
          "private": "bnVsbA==",
          "dependencies": [
            "aws_dynamodb_table.webkentoPokedex"
          ]
        },
        {
          "index_key": "80",
          "schema_version": 0,
          "attributes": {
            "hash_key": "id",
            "id": "webkentoPokedex|id|80",
            "item": "{\"id\":{\"N\":\"80\"},\"poke_name\":{\"S\":\"Slowbro\"}}",
            "range_key": null,
            "region": "us-east-1",
            "table_name": "webkentoPokedex"
          },
          "sensitive_attributes": [],
          "identity_schema_version": 0,
          "private": "bnVsbA==",
          "dependencies": [
            "aws_dynamodb_table.webkentoPokedex"
          ]
        },
        {
          "index_key": "81",
          "schema_version": 0,
          "attributes": {
            "hash_key": "id",
            "id": "webkentoPokedex|id|81",
            "item": "{\"id\":{\"N\":\"81\"},\"poke_name\":{\"S\":\"Magnemite\"}}",
            "range_key": null,
            "region": "us-east-1",
            "table_name": "webkentoPokedex"
          },
          "sensitive_attributes": [],
          "identity_schema_version": 0,
          "private": "bnVsbA==",
          "dependencies": [
            "aws_dynamodb_table.webkentoPokedex"
          ]
        },
        {
          "index_key": "82",
          "schema_version": 0,
          "attributes": {
            "hash_key": "id",
            "id": "webkentoPokedex|id|82",
            "item": "{\"id\":{\"N\":\"82\"},\"poke_name\":{\"S\":\"Magneton\"}}",
            "range_key": null,
            "region": "us-east-1",
            "table_name": "webkentoPokedex"
          },
          "sensitive_attributes": [],
          "identity_schema_version": 0,
          "private": "bnVsbA==",
          "dependencies": [
            "aws_dynamodb_table.webkentoPokedex"
          ]
        },
        {
          "index_key": "83",
          "schema_version": 0,
          "attributes": {
            "hash_key": "id",
            "id": "webkentoPokedex|id|83",
            "item": "{\"id\":{\"N\":\"83\"},\"poke_name\":{\"S\":\"Farfetch'd\"}}",
            "range_key": null,
            "region": "us-east-1",
            "table_name": "webkentoPokedex"
          },
          "sensitive_attributes": [],
          "identity_schema_version": 0,
          "private": "bnVsbA==",
          "dependencies": [
            "aws_dynamodb_table.webkentoPokedex"
          ]
        },
        {
          "index_key": "84",
          "schema_version": 0,
          "attributes": {
            "hash_key": "id",
            "id": "webkentoPokedex|id|84",
            "item": "{\"id\":{\"N\":\"84\"},\"poke_name\":{\"S\":\"Doduo\"}}",
            "range_key": null,
            "region": "us-east-1",
            "table_name": "webkentoPokedex"
          },
          "sensitive_attributes": [],
          "identity_schema_version": 0,
          "private": "bnVsbA==",
          "dependencies": [
            "aws_dynamodb_table.webkentoPokedex"
          ]
        },
        {
          "index_key": "85",
          "schema_version": 0,
          "attributes": {
            "hash_key": "id",
            "id": "webkentoPokedex|id|85",
            "item": "{\"id\":{\"N\":\"85\"},\"poke_name\":{\"S\":\"Dodrio\"}}",
            "range_key": null,
            "region": "us-east-1",
            "table_name": "webkentoPokedex"
          },
          "sensitive_attributes": [],
          "identity_schema_version": 0,
          "private": "bnVsbA==",
          "dependencies": [
            "aws_dynamodb_table.webkentoPokedex"
          ]
        },
        {
          "index_key": "86",
          "schema_version": 0,
          "attributes": {
            "hash_key": "id",
            "id": "webkentoPokedex|id|86",
            "item": "{\"id\":{\"N\":\"86\"},\"poke_name\":{\"S\":\"Seel\"}}",
            "range_key": null,
            "region": "us-east-1",
            "table_name": "webkentoPokedex"
          },
          "sensitive_attributes": [],
          "identity_schema_version": 0,
          "private": "bnVsbA==",
          "dependencies": [
            "aws_dynamodb_table.webkentoPokedex"
          ]
        },
        {
          "index_key": "87",
          "schema_version": 0,
          "attributes": {
            "hash_key": "id",
            "id": "webkentoPokedex|id|87",
            "item": "{\"id\":{\"N\":\"87\"},\"poke_name\":{\"S\":\"Dewgong\"}}",
            "range_key": null,
            "region": "us-east-1",
            "table_name": "webkentoPokedex"
          },
          "sensitive_attributes": [],
          "identity_schema_version": 0,
          "private": "bnVsbA==",
          "dependencies": [
            "aws_dynamodb_table.webkentoPokedex"
          ]
        },
        {
          "index_key": "88",
          "schema_version": 0,
          "attributes": {
            "hash_key": "id",
            "id": "webkentoPokedex|id|88",
            "item": "{\"id\":{\"N\":\"88\"},\"poke_name\":{\"S\":\"Grimer\"}}",
            "range_key": null,
            "region": "us-east-1",
            "table_name": "webkentoPokedex"
          },
          "sensitive_attributes": [],
          "identity_schema_version": 0,
          "private": "bnVsbA==",
          "dependencies": [
            "aws_dynamodb_table.webkentoPokedex"
          ]
        },
        {
          "index_key": "89",
          "schema_version": 0,
          "attributes": {
            "hash_key": "id",
            "id": "webkentoPokedex|id|89",
            "item": "{\"id\":{\"N\":\"89\"},\"poke_name\":{\"S\":\"Muk\"}}",
            "range_key": null,
            "region": "us-east-1",
            "table_name": "webkentoPokedex"
          },
          "sensitive_attributes": [],
          "identity_schema_version": 0,
          "private": "bnVsbA==",
          "dependencies": [
            "aws_dynamodb_table.webkentoPokedex"
          ]
        },
        {
          "index_key": "9",
          "schema_version": 0,
          "attributes": {
            "hash_key": "id",
            "id": "webkentoPokedex|id|9",
            "item": "{\"id\":{\"N\":\"9\"},\"poke_name\":{\"S\":\"Blastoise\"}}",
            "range_key": null,
            "region": "us-east-1",
            "table_name": "webkentoPokedex"
          },
          "sensitive_attributes": [],
          "identity_schema_version": 0,
          "private": "bnVsbA==",
          "dependencies": [
            "aws_dynamodb_table.webkentoPokedex"
          ]
        },
        {
          "index_key": "90",
          "schema_version": 0,
          "attributes": {
            "hash_key": "id",
            "id": "webkentoPokedex|id|90",
            "item": "{\"id\":{\"N\":\"90\"},\"poke_name\":{\"S\":\"Shellder\"}}",
            "range_key": null,
            "region": "us-east-1",
            "table_name": "webkentoPokedex"
          },
          "sensitive_attributes": [],
          "identity_schema_version": 0,
          "private": "bnVsbA==",
          "dependencies": [
            "aws_dynamodb_table.webkentoPokedex"
          ]
        },
        {
          "index_key": "91",
          "schema_version": 0,
          "attributes": {
            "hash_key": "id",
            "id": "webkentoPokedex|id|91",
            "item": "{\"id\":{\"N\":\"91\"},\"poke_name\":{\"S\":\"Cloyster\"}}",
            "range_key": null,
            "region": "us-east-1",
            "table_name": "webkentoPokedex"
          },
          "sensitive_attributes": [],
          "identity_schema_version": 0,
          "private": "bnVsbA==",
          "dependencies": [
            "aws_dynamodb_table.webkentoPokedex"
          ]
        },
        {
          "index_key": "92",
          "schema_version": 0,
          "attributes": {
            "hash_key": "id",
            "id": "webkentoPokedex|id|92",
            "item": "{\"id\":{\"N\":\"92\"},\"poke_name\":{\"S\":\"Gastly\"}}",
            "range_key": null,
            "region": "us-east-1",
            "table_name": "webkentoPokedex"
          },
          "sensitive_attributes": [],
          "identity_schema_version": 0,
          "private": "bnVsbA==",
          "dependencies": [
            "aws_dynamodb_table.webkentoPokedex"
          ]
        },
        {
          "index_key": "93",
          "schema_version": 0,
          "attributes": {
            "hash_key": "id",
            "id": "webkentoPokedex|id|93",
            "item": "{\"id\":{\"N\":\"93\"},\"poke_name\":{\"S\":\"Haunter\"}}",
            "range_key": null,
            "region": "us-east-1",
            "table_name": "webkentoPokedex"
          },
          "sensitive_attributes": [],
          "identity_schema_version": 0,
          "private": "bnVsbA==",
          "dependencies": [
            "aws_dynamodb_table.webkentoPokedex"
          ]
        },
        {
          "index_key": "94",
          "schema_version": 0,
          "attributes": {
            "hash_key": "id",
            "id": "webkentoPokedex|id|94",
            "item": "{\"id\":{\"N\":\"94\"},\"poke_name\":{\"S\":\"Gengar\"}}",
            "range_key": null,
            "region": "us-east-1",
            "table_name": "webkentoPokedex"
          },
          "sensitive_attributes": [],
          "identity_schema_version": 0,
          "private": "bnVsbA==",
          "dependencies": [
            "aws_dynamodb_table.webkentoPokedex"
          ]
        },
        {
          "index_key": "95",
          "schema_version": 0,
          "attributes": {
            "hash_key": "id",
            "id": "webkentoPokedex|id|95",
            "item": "{\"id\":{\"N\":\"95\"},\"poke_name\":{\"S\":\"Onix\"}}",
            "range_key": null,
            "region": "us-east-1",
            "table_name": "webkentoPokedex"
          },
          "sensitive_attributes": [],
          "identity_schema_version": 0,
          "private": "bnVsbA==",
          "dependencies": [
            "aws_dynamodb_table.webkentoPokedex"
          ]
        },
        {
          "index_key": "96",
          "schema_version": 0,
          "attributes": {
            "hash_key": "id",
            "id": "webkentoPokedex|id|96",
            "item": "{\"id\":{\"N\":\"96\"},\"poke_name\":{\"S\":\"Drowzee\"}}",
            "range_key": null,
            "region": "us-east-1",
            "table_name": "webkentoPokedex"
          },
          "sensitive_attributes": [],
          "identity_schema_version": 0,
          "private": "bnVsbA==",
          "dependencies": [
            "aws_dynamodb_table.webkentoPokedex"
          ]
        },
        {
          "index_key": "97",
          "schema_version": 0,
          "attributes": {
            "hash_key": "id",
            "id": "webkentoPokedex|id|97",
            "item": "{\"id\":{\"N\":\"97\"},\"poke_name\":{\"S\":\"Hypno\"}}",
            "range_key": null,
            "region": "us-east-1",
            "table_name": "webkentoPokedex"
          },
          "sensitive_attributes": [],
          "identity_schema_version": 0,
          "private": "bnVsbA==",
          "dependencies": [
            "aws_dynamodb_table.webkentoPokedex"
          ]
        },
        {
          "index_key": "98",
          "schema_version": 0,
          "attributes": {
            "hash_key": "id",
            "id": "webkentoPokedex|id|98",
            "item": "{\"id\":{\"N\":\"98\"},\"poke_name\":{\"S\":\"Krabby\"}}",
            "range_key": null,
            "region": "us-east-1",
            "table_name": "webkentoPokedex"
          },
          "sensitive_attributes": [],
          "identity_schema_version": 0,
          "private": "bnVsbA==",
          "dependencies": [
            "aws_dynamodb_table.webkentoPokedex"
          ]
        },
        {
          "index_key": "99",
          "schema_version": 0,
          "attributes": {
            "hash_key": "id",
            "id": "webkentoPokedex|id|99",
            "item": "{\"id\":{\"N\":\"99\"},\"poke_name\":{\"S\":\"Kingler\"}}",
            "range_key": null,
            "region": "us-east-1",
            "table_name": "webkentoPokedex"
          },
          "sensitive_attributes": [],
          "identity_schema_version": 0,
          "private": "bnVsbA==",
          "dependencies": [
            "aws_dynamodb_table.webkentoPokedex"
          ]
        }
      ]
    },
    {
      "mode": "managed",
      "type": "aws_iam_policy",
      "name": "lambda_policy",
      "provider": "provider[\"registry.terraform.io/hashicorp/aws\"]",
      "instances": [
        {
          "schema_version": 0,
          "attributes": {
            "arn": "arn:aws:iam::877086053095:policy/lambda_pokedex_policy",
            "attachment_count": 1,
            "description": "Policy for Lambda to read from DynamoDB Pokedex table",
            "id": "arn:aws:iam::877086053095:policy/lambda_pokedex_policy",
            "name": "lambda_pokedex_policy",
            "name_prefix": "",
            "path": "/",
            "policy": "{\"Statement\":[{\"Action\":[\"logs:CreateLogGroup\",\"logs:CreateLogStream\",\"logs:PutLogEvents\"],\"Effect\":\"Allow\",\"Resource\":\"arn:aws:logs:*:*:*\"},{\"Action\":[\"dynamodb:GetItem\"],\"Effect\":\"Allow\",\"Resource\":\"arn:aws:dynamodb:us-east-1:877086053095:table/webkentoPokedex\"}],\"Version\":\"2012-10-17\"}",
            "policy_id": "ANPA4YNTHCLT3WQM4KR2U",
            "tags": {},
            "tags_all": {}
          },
          "sensitive_attributes": [],
          "identity_schema_version": 0,
          "identity": {
            "arn": "arn:aws:iam::877086053095:policy/lambda_pokedex_policy"
          },
          "private": "bnVsbA==",
          "dependencies": [
            "aws_dynamodb_table.webkentoPokedex"
          ]
        }
      ]
    },
    {
      "mode": "managed",
      "type": "aws_iam_role",
      "name": "lambda_role",
      "provider": "provider[\"registry.terraform.io/hashicorp/aws\"]",
      "instances": [
        {
          "schema_version": 0,
          "attributes": {
            "arn": "arn:aws:iam::877086053095:role/lambda_pokedex_role",
            "assume_role_policy": "{\"Statement\":[{\"Action\":\"sts:AssumeRole\",\"Effect\":\"Allow\",\"Principal\":{\"Service\":\"lambda.amazonaws.com\"}}],\"Version\":\"2012-10-17\"}",
            "create_date": "2025-09-05T16:14:16Z",
            "description": "",
            "force_detach_policies": false,
            "id": "lambda_pokedex_role",
            "inline_policy": [
              {
                "name": "LambdaDynamoDBPolicy",
                "policy": "{\"Version\":\"2012-10-17\",\"Statement\":[{\"Action\":[\"dynamodb:GetItem\",\"dynamodb:Scan\"],\"Effect\":\"Allow\",\"Resource\":\"arn:aws:dynamodb:us-east-1:877086053095:table/webkentoPokedex\"}]}"
              }
            ],
            "managed_policy_arns": [
              "arn:aws:iam::877086053095:policy/lambda_pokedex_policy"
            ],
            "max_session_duration": 3600,
            "name": "lambda_pokedex_role",
            "name_prefix": "",
            "path": "/",
            "permissions_boundary": "",
            "tags": {},
            "tags_all": {},
            "unique_id": "AROA4YNTHCLTQQC747R4G"
          },
          "sensitive_attributes": [],
          "identity_schema_version": 0,
          "identity": {
            "account_id": "877086053095",
            "name": "lambda_pokedex_role"
          },
          "private": "bnVsbA=="
        }
      ]
    },
    {
      "mode": "managed",
      "type": "aws_iam_role_policy",
      "name": "lambda_dynamodb_policy",
      "provider": "provider[\"registry.terraform.io/hashicorp/aws\"]",
      "instances": [
        {
          "schema_version": 0,
          "attributes": {
            "id": "lambda_pokedex_role:LambdaDynamoDBPolicy",
            "name": "LambdaDynamoDBPolicy",
            "name_prefix": "",
            "policy": "{\"Version\":\"2012-10-17\",\"Statement\":[{\"Action\":[\"dynamodb:GetItem\",\"dynamodb:Scan\"],\"Effect\":\"Allow\",\"Resource\":\"arn:aws:dynamodb:us-east-1:877086053095:table/webkentoPokedex\"}]}",
            "role": "lambda_pokedex_role"
          },
          "sensitive_attributes": [],
          "identity_schema_version": 0,
          "identity": {
            "account_id": "877086053095",
            "name": "LambdaDynamoDBPolicy",
            "role": "lambda_pokedex_role"
          },
          "private": "bnVsbA==",
          "dependencies": [
            "aws_iam_role.lambda_role"
          ]
        }
      ]
    },
    {
      "mode": "managed",
      "type": "aws_iam_role_policy_attachment",
      "name": "lambda_attach",
      "provider": "provider[\"registry.terraform.io/hashicorp/aws\"]",
      "instances": [
        {
          "schema_version": 0,
          "attributes": {
            "id": "lambda_pokedex_role/arn:aws:iam::877086053095:policy/lambda_pokedex_policy",
            "policy_arn": "arn:aws:iam::877086053095:policy/lambda_pokedex_policy",
            "role": "lambda_pokedex_role"
          },
          "sensitive_attributes": [],
          "identity_schema_version": 0,
          "identity": {
            "account_id": "877086053095",
            "policy_arn": "arn:aws:iam::877086053095:policy/lambda_pokedex_policy",
            "role": "lambda_pokedex_role"
          },
          "private": "bnVsbA==",
          "dependencies": [
            "aws_dynamodb_table.webkentoPokedex",
            "aws_iam_policy.lambda_policy",
            "aws_iam_role.lambda_role"
          ]
        }
      ]
    },
    {
      "mode": "managed",
      "type": "aws_lambda_function",
      "name": "pokedex",
      "provider": "provider[\"registry.terraform.io/hashicorp/aws\"]",
      "instances": [
        {
          "schema_version": 0,
          "attributes": {
            "architectures": [
              "x86_64"
            ],
            "arn": "arn:aws:lambda:us-east-1:877086053095:function:pokedex_lookup",
            "code_sha256": "2eB3JgD/EFf79BNNzPEuHE+fA/W4ZRukvmv8BVL0rYA=",
            "code_signing_config_arn": "",
            "dead_letter_config": [],
            "description": "",
            "environment": [
              {
                "variables": {
                  "POKEDEX_TABLE": "webkentoPokedex"
                }
              }
            ],
            "ephemeral_storage": [
              {
                "size": 512
              }
            ],
            "file_system_config": [],
            "filename": "./lambda_webkentoPokedex.zip",
            "function_name": "pokedex_lookup",
            "handler": "lambda_webkentoPokedex.lambda_handler",
            "id": "pokedex_lookup",
            "image_config": [],
            "image_uri": "",
            "invoke_arn": "arn:aws:apigateway:us-east-1:lambda:path/2015-03-31/functions/arn:aws:lambda:us-east-1:877086053095:function:pokedex_lookup/invocations",
            "kms_key_arn": "",
            "last_modified": "2025-09-05T17:52:57.000+0000",
            "layers": [],
            "logging_config": [
              {
                "application_log_level": "",
                "log_format": "Text",
                "log_group": "/aws/lambda/pokedex_lookup",
                "system_log_level": ""
              }
            ],
            "memory_size": 128,
            "package_type": "Zip",
            "publish": false,
            "qualified_arn": "arn:aws:lambda:us-east-1:877086053095:function:pokedex_lookup:$LATEST",
            "qualified_invoke_arn": "arn:aws:apigateway:us-east-1:lambda:path/2015-03-31/functions/arn:aws:lambda:us-east-1:877086053095:function:pokedex_lookup:$LATEST/invocations",
            "region": "us-east-1",
            "replace_security_groups_on_destroy": null,
            "replacement_security_group_ids": null,
            "reserved_concurrent_executions": -1,
            "role": "arn:aws:iam::877086053095:role/lambda_pokedex_role",
            "runtime": "python3.9",
            "s3_bucket": null,
            "s3_key": null,
            "s3_object_version": null,
            "signing_job_arn": "",
            "signing_profile_version_arn": "",
            "skip_destroy": false,
            "snap_start": [],
            "source_code_hash": "",
            "source_code_size": 966,
            "source_kms_key_arn": "",
            "tags": {},
            "tags_all": {},
            "timeout": 3,
            "timeouts": null,
            "tracing_config": [
              {
                "mode": "PassThrough"
              }
            ],
            "version": "$LATEST",
            "vpc_config": []
          },
          "sensitive_attributes": [],
          "identity_schema_version": 0,
          "identity": {
            "account_id": "877086053095",
            "function_name": "pokedex_lookup",
            "region": "us-east-1"
          },
          "private": "eyJlMmJmYjczMC1lY2FhLTExZTYtOGY4OC0zNDM2M2JjN2M0YzAiOnsiY3JlYXRlIjo2MDAwMDAwMDAwMDAsImRlbGV0ZSI6NjAwMDAwMDAwMDAwLCJ1cGRhdGUiOjYwMDAwMDAwMDAwMH19",
          "dependencies": [
            "aws_dynamodb_table.webkentoPokedex",
            "aws_iam_role.lambda_role",
            "data.archive_file.lambda_zip"
          ]
        }
      ]
    },
    {
      "mode": "managed",
      "type": "aws_lambda_permission",
      "name": "apigw_invoke",
      "provider": "provider[\"registry.terraform.io/hashicorp/aws\"]",
      "instances": [
        {
          "schema_version": 0,
          "attributes": {
            "action": "lambda:InvokeFunction",
            "event_source_token": null,
            "function_name": "pokedex_lookup",
            "function_url_auth_type": null,
            "id": "AllowAPIGatewayInvoke",
            "principal": "apigateway.amazonaws.com",
            "principal_org_id": null,
            "qualifier": "",
            "region": "us-east-1",
            "source_account": null,
            "source_arn": "arn:aws:execute-api:us-east-1:877086053095:9mfz4724sh/*/*",
            "statement_id": "AllowAPIGatewayInvoke",
            "statement_id_prefix": ""
          },
          "sensitive_attributes": [],
          "identity_schema_version": 0,
          "identity": {
            "account_id": "877086053095",
            "function_name": "pokedex_lookup",
            "qualifier": null,
            "region": "us-east-1",
            "statement_id": "AllowAPIGatewayInvoke"
          },
          "private": "bnVsbA==",
          "dependencies": [
            "aws_api_gateway_rest_api.pokedex_api",
            "data.aws_lambda_function.pokedex_lookup"
          ]
        }
      ]
    }
  ],
  "check_results": null
}
